// !$*UTF8*$!
{
	archiveVersion = 1;
	classes = {
	};
	objectVersion = 46;
	objects = {

/* Begin PBXBuildFile section */
		2023B3B41F55D99500B6F993 /* UserScore.swift in Sources */ = {isa = PBXBuildFile; fileRef = 2023B3B31F55D99500B6F993 /* UserScore.swift */; };
		2023B3B71F55E26F00B6F993 /* ScoresManager.swift in Sources */ = {isa = PBXBuildFile; fileRef = 2023B3B61F55E26F00B6F993 /* ScoresManager.swift */; };
		2023B3BB1F55ED0600B6F993 /* Date+SinceDate.swift in Sources */ = {isa = PBXBuildFile; fileRef = 2023B3BA1F55ED0600B6F993 /* Date+SinceDate.swift */; };
		20AE55AA1F55A2A900043A07 /* TopTenController.swift in Sources */ = {isa = PBXBuildFile; fileRef = 20AE55A91F55A2A900043A07 /* TopTenController.swift */; };
		20AE55AC1F55A2C800043A07 /* TopTenCell.swift in Sources */ = {isa = PBXBuildFile; fileRef = 20AE55AB1F55A2C800043A07 /* TopTenCell.swift */; };
		20AE55AE1F55A88300043A07 /* InputController.swift in Sources */ = {isa = PBXBuildFile; fileRef = 20AE55AD1F55A88300043A07 /* InputController.swift */; };
		61475F2F1F51CA2F00B68DAA /* Structs.swift in Sources */ = {isa = PBXBuildFile; fileRef = 61475F2E1F51CA2F00B68DAA /* Structs.swift */; };
		61475F311F51CA4900B68DAA /* Brain.swift in Sources */ = {isa = PBXBuildFile; fileRef = 61475F301F51CA4900B68DAA /* Brain.swift */; };
		A908D0901F56B1A40097CF51 /* CreationGame.storyboard in Resources */ = {isa = PBXBuildFile; fileRef = A908D08E1F56B1A40097CF51 /* CreationGame.storyboard */; };
		A95BCE651F541FD30021B1E7 /* WallView.swift in Sources */ = {isa = PBXBuildFile; fileRef = A95BCE641F541FD30021B1E7 /* WallView.swift */; };
		A95BCE671F5420060021B1E7 /* BoxView.swift in Sources */ = {isa = PBXBuildFile; fileRef = A95BCE661F5420060021B1E7 /* BoxView.swift */; };
		A95BCE721F5423DE0021B1E7 /* ControlPanelController.swift in Sources */ = {isa = PBXBuildFile; fileRef = A95BCE711F5423DE0021B1E7 /* ControlPanelController.swift */; };
		A95BCE741F5423FA0021B1E7 /* GameMapController.swift in Sources */ = {isa = PBXBuildFile; fileRef = A95BCE731F5423FA0021B1E7 /* GameMapController.swift */; };
		A95BCE761F5424D00021B1E7 /* DetailsController.swift in Sources */ = {isa = PBXBuildFile; fileRef = A95BCE751F5424D00021B1E7 /* DetailsController.swift */; };
		A95BCE791F5427570021B1E7 /* Game.storyboard in Resources */ = {isa = PBXBuildFile; fileRef = A95BCE771F5427570021B1E7 /* Game.storyboard */; };
		A95BCE7C1F5427CE0021B1E7 /* Rating.storyboard in Resources */ = {isa = PBXBuildFile; fileRef = A95BCE7A1F5427CE0021B1E7 /* Rating.storyboard */; };
		A95BCE7E1F5427E20021B1E7 /* Settings.storyboard in Resources */ = {isa = PBXBuildFile; fileRef = A95BCE7D1F5427E20021B1E7 /* Settings.storyboard */; };
		A95BCE831F5428AF0021B1E7 /* SettingsController.swift in Sources */ = {isa = PBXBuildFile; fileRef = A95BCE821F5428AF0021B1E7 /* SettingsController.swift */; };
		A95BCE861F5428F40021B1E7 /* RatingController.swift in Sources */ = {isa = PBXBuildFile; fileRef = A95BCE851F5428F40021B1E7 /* RatingController.swift */; };
		A95BCE891F544D6B0021B1E7 /* GameLayoutController.swift in Sources */ = {isa = PBXBuildFile; fileRef = A95BCE881F544D6B0021B1E7 /* GameLayoutController.swift */; };
		A95FC51A1F502C7500E1F926 /* AppDelegate.swift in Sources */ = {isa = PBXBuildFile; fileRef = A95FC5191F502C7500E1F926 /* AppDelegate.swift */; };
		A95FC51C1F502C7500E1F926 /* MenuController.swift in Sources */ = {isa = PBXBuildFile; fileRef = A95FC51B1F502C7500E1F926 /* MenuController.swift */; };
		A95FC51F1F502C7500E1F926 /* Main.storyboard in Resources */ = {isa = PBXBuildFile; fileRef = A95FC51D1F502C7500E1F926 /* Main.storyboard */; };
		A95FC5221F502C7500E1F926 /* BomberMan.xcdatamodeld in Sources */ = {isa = PBXBuildFile; fileRef = A95FC5201F502C7500E1F926 /* BomberMan.xcdatamodeld */; };
		A95FC5241F502C7500E1F926 /* Assets.xcassets in Resources */ = {isa = PBXBuildFile; fileRef = A95FC5231F502C7500E1F926 /* Assets.xcassets */; };
		A95FC5271F502C7500E1F926 /* LaunchScreen.storyboard in Resources */ = {isa = PBXBuildFile; fileRef = A95FC5251F502C7500E1F926 /* LaunchScreen.storyboard */; };
		A95FC5321F502C7500E1F926 /* BomberManTests.swift in Sources */ = {isa = PBXBuildFile; fileRef = A95FC5311F502C7500E1F926 /* BomberManTests.swift */; };
/* End PBXBuildFile section */

/* Begin PBXContainerItemProxy section */
		A95FC52E1F502C7500E1F926 /* PBXContainerItemProxy */ = {
			isa = PBXContainerItemProxy;
			containerPortal = A95FC50E1F502C7500E1F926 /* Project object */;
			proxyType = 1;
			remoteGlobalIDString = A95FC5151F502C7500E1F926;
			remoteInfo = BomberMan;
		};
/* End PBXContainerItemProxy section */

/* Begin PBXFileReference section */
		2023B3B31F55D99500B6F993 /* UserScore.swift */ = {isa = PBXFileReference; fileEncoding = 4; lastKnownFileType = sourcecode.swift; path = UserScore.swift; sourceTree = "<group>"; };
		2023B3B61F55E26F00B6F993 /* ScoresManager.swift */ = {isa = PBXFileReference; fileEncoding = 4; lastKnownFileType = sourcecode.swift; path = ScoresManager.swift; sourceTree = "<group>"; };
		2023B3BA1F55ED0600B6F993 /* Date+SinceDate.swift */ = {isa = PBXFileReference; fileEncoding = 4; lastKnownFileType = sourcecode.swift; path = "Date+SinceDate.swift"; sourceTree = "<group>"; };
		20AE55A91F55A2A900043A07 /* TopTenController.swift */ = {isa = PBXFileReference; fileEncoding = 4; lastKnownFileType = sourcecode.swift; path = TopTenController.swift; sourceTree = "<group>"; };
		20AE55AB1F55A2C800043A07 /* TopTenCell.swift */ = {isa = PBXFileReference; fileEncoding = 4; lastKnownFileType = sourcecode.swift; path = TopTenCell.swift; sourceTree = "<group>"; };
		20AE55AD1F55A88300043A07 /* InputController.swift */ = {isa = PBXFileReference; fileEncoding = 4; lastKnownFileType = sourcecode.swift; path = InputController.swift; sourceTree = "<group>"; };
		61475F2E1F51CA2F00B68DAA /* Structs.swift */ = {isa = PBXFileReference; fileEncoding = 4; lastKnownFileType = sourcecode.swift; path = Structs.swift; sourceTree = "<group>"; };
		61475F301F51CA4900B68DAA /* Brain.swift */ = {isa = PBXFileReference; fileEncoding = 4; lastKnownFileType = sourcecode.swift; path = Brain.swift; sourceTree = "<group>"; };
		A908D08F1F56B1A40097CF51 /* Base */ = {isa = PBXFileReference; lastKnownFileType = file.storyboard; name = Base; path = Base.lproj/CreationGame.storyboard; sourceTree = "<group>"; };
		A95BCE641F541FD30021B1E7 /* WallView.swift */ = {isa = PBXFileReference; fileEncoding = 4; lastKnownFileType = sourcecode.swift; path = WallView.swift; sourceTree = "<group>"; };
		A95BCE661F5420060021B1E7 /* BoxView.swift */ = {isa = PBXFileReference; fileEncoding = 4; lastKnownFileType = sourcecode.swift; path = BoxView.swift; sourceTree = "<group>"; };
		A95BCE711F5423DE0021B1E7 /* ControlPanelController.swift */ = {isa = PBXFileReference; fileEncoding = 4; lastKnownFileType = sourcecode.swift; path = ControlPanelController.swift; sourceTree = "<group>"; };
		A95BCE731F5423FA0021B1E7 /* GameMapController.swift */ = {isa = PBXFileReference; fileEncoding = 4; lastKnownFileType = sourcecode.swift; path = GameMapController.swift; sourceTree = "<group>"; };
		A95BCE751F5424D00021B1E7 /* DetailsController.swift */ = {isa = PBXFileReference; fileEncoding = 4; lastKnownFileType = sourcecode.swift; path = DetailsController.swift; sourceTree = "<group>"; };
		A95BCE781F5427570021B1E7 /* Base */ = {isa = PBXFileReference; lastKnownFileType = file.storyboard; name = Base; path = Base.lproj/Game.storyboard; sourceTree = "<group>"; };
		A95BCE7B1F5427CE0021B1E7 /* Base */ = {isa = PBXFileReference; lastKnownFileType = file.storyboard; name = Base; path = Base.lproj/Rating.storyboard; sourceTree = "<group>"; };
		A95BCE7D1F5427E20021B1E7 /* Settings.storyboard */ = {isa = PBXFileReference; fileEncoding = 4; lastKnownFileType = file.storyboard; path = Settings.storyboard; sourceTree = "<group>"; };
		A95BCE821F5428AF0021B1E7 /* SettingsController.swift */ = {isa = PBXFileReference; fileEncoding = 4; lastKnownFileType = sourcecode.swift; path = SettingsController.swift; sourceTree = "<group>"; };
		A95BCE851F5428F40021B1E7 /* RatingController.swift */ = {isa = PBXFileReference; fileEncoding = 4; lastKnownFileType = sourcecode.swift; path = RatingController.swift; sourceTree = "<group>"; };
		A95BCE881F544D6B0021B1E7 /* GameLayoutController.swift */ = {isa = PBXFileReference; fileEncoding = 4; lastKnownFileType = sourcecode.swift; path = GameLayoutController.swift; sourceTree = "<group>"; };
		A95FC5161F502C7500E1F926 /* BomberMan.app */ = {isa = PBXFileReference; explicitFileType = wrapper.application; includeInIndex = 0; path = BomberMan.app; sourceTree = BUILT_PRODUCTS_DIR; };
		A95FC5191F502C7500E1F926 /* AppDelegate.swift */ = {isa = PBXFileReference; lastKnownFileType = sourcecode.swift; path = AppDelegate.swift; sourceTree = "<group>"; };
		A95FC51B1F502C7500E1F926 /* MenuController.swift */ = {isa = PBXFileReference; lastKnownFileType = sourcecode.swift; path = MenuController.swift; sourceTree = "<group>"; };
		A95FC51E1F502C7500E1F926 /* Base */ = {isa = PBXFileReference; lastKnownFileType = file.storyboard; name = Base; path = Base.lproj/Main.storyboard; sourceTree = "<group>"; };
		A95FC5211F502C7500E1F926 /* BomberMan.xcdatamodel */ = {isa = PBXFileReference; lastKnownFileType = wrapper.xcdatamodel; path = BomberMan.xcdatamodel; sourceTree = "<group>"; };
		A95FC5231F502C7500E1F926 /* Assets.xcassets */ = {isa = PBXFileReference; lastKnownFileType = folder.assetcatalog; path = Assets.xcassets; sourceTree = "<group>"; };
		A95FC5261F502C7500E1F926 /* Base */ = {isa = PBXFileReference; lastKnownFileType = file.storyboard; name = Base; path = Base.lproj/LaunchScreen.storyboard; sourceTree = "<group>"; };
		A95FC5281F502C7500E1F926 /* Info.plist */ = {isa = PBXFileReference; lastKnownFileType = text.plist.xml; path = Info.plist; sourceTree = "<group>"; };
		A95FC52D1F502C7500E1F926 /* BomberManTests.xctest */ = {isa = PBXFileReference; explicitFileType = wrapper.cfbundle; includeInIndex = 0; path = BomberManTests.xctest; sourceTree = BUILT_PRODUCTS_DIR; };
		A95FC5311F502C7500E1F926 /* BomberManTests.swift */ = {isa = PBXFileReference; lastKnownFileType = sourcecode.swift; path = BomberManTests.swift; sourceTree = "<group>"; };
		A95FC5331F502C7500E1F926 /* Info.plist */ = {isa = PBXFileReference; lastKnownFileType = text.plist.xml; path = Info.plist; sourceTree = "<group>"; };
/* End PBXFileReference section */

/* Begin PBXFrameworksBuildPhase section */
		A95FC5131F502C7500E1F926 /* Frameworks */ = {
			isa = PBXFrameworksBuildPhase;
			buildActionMask = 2147483647;
			files = (
			);
			runOnlyForDeploymentPostprocessing = 0;
		};
		A95FC52A1F502C7500E1F926 /* Frameworks */ = {
			isa = PBXFrameworksBuildPhase;
			buildActionMask = 2147483647;
			files = (
			);
			runOnlyForDeploymentPostprocessing = 0;
		};
/* End PBXFrameworksBuildPhase section */

/* Begin PBXGroup section */
		2023B3B21F55D96C00B6F993 /* Model */ = {
			isa = PBXGroup;
			children = (
				2023B3B31F55D99500B6F993 /* UserScore.swift */,
			);
			name = Model;
			sourceTree = "<group>";
		};
		2023B3B51F55E25000B6F993 /* ScoresManager */ = {
			isa = PBXGroup;
			children = (
				2023B3B61F55E26F00B6F993 /* ScoresManager.swift */,
			);
			name = ScoresManager;
			sourceTree = "<group>";
		};
		2023B3B81F55ECCD00B6F993 /* Utilities */ = {
			isa = PBXGroup;
			children = (
				2023B3B91F55ECD700B6F993 /* Extensions */,
			);
			name = Utilities;
			sourceTree = "<group>";
		};
		2023B3B91F55ECD700B6F993 /* Extensions */ = {
			isa = PBXGroup;
			children = (
				2023B3BA1F55ED0600B6F993 /* Date+SinceDate.swift */,
			);
			name = Extensions;
			sourceTree = "<group>";
		};
		61475F231F51C92500B68DAA /* Brain */ = {
			isa = PBXGroup;
			children = (
				61475F2E1F51CA2F00B68DAA /* Structs.swift */,
				61475F301F51CA4900B68DAA /* Brain.swift */,
			);
			name = Brain;
			sourceTree = "<group>";
		};
		616E603A1F5038CE000B4A01 /* Supporting Files */ = {
			isa = PBXGroup;
			children = (
				A95FC5191F502C7500E1F926 /* AppDelegate.swift */,
				A95FC5231F502C7500E1F926 /* Assets.xcassets */,
				A95FC5251F502C7500E1F926 /* LaunchScreen.storyboard */,
				A95FC5281F502C7500E1F926 /* Info.plist */,
			);
			name = "Supporting Files";
			sourceTree = "<group>";
		};
		A95BCE701F5421BD0021B1E7 /* CustomTiles */ = {
			isa = PBXGroup;
			children = (
				A95BCE661F5420060021B1E7 /* BoxView.swift */,
				A95BCE641F541FD30021B1E7 /* WallView.swift */,
			);
			name = CustomTiles;
			sourceTree = "<group>";
		};
		A95BCE7F1F5427FC0021B1E7 /* Classes */ = {
			isa = PBXGroup;
			children = (
				A95BCE841F5428DB0021B1E7 /* Rating */,
				A95BCE811F5428980021B1E7 /* Settings */,
				A95BCE801F54280E0021B1E7 /* Game */,
				A95BCE871F5429B60021B1E7 /* Menu */,
			);
			name = Classes;
			sourceTree = "<group>";
		};
		A95BCE801F54280E0021B1E7 /* Game */ = {
			isa = PBXGroup;
			children = (
				A95BCE771F5427570021B1E7 /* Game.storyboard */,
				A95BCE881F544D6B0021B1E7 /* GameLayoutController.swift */,
				A95BCE711F5423DE0021B1E7 /* ControlPanelController.swift */,
				A95BCE731F5423FA0021B1E7 /* GameMapController.swift */,
				A95BCE751F5424D00021B1E7 /* DetailsController.swift */,
			);
			name = Game;
			sourceTree = "<group>";
		};
		A95BCE811F5428980021B1E7 /* Settings */ = {
			isa = PBXGroup;
			children = (
				A95BCE7D1F5427E20021B1E7 /* Settings.storyboard */,
				A95BCE821F5428AF0021B1E7 /* SettingsController.swift */,
			);
			name = Settings;
			sourceTree = "<group>";
		};
		A95BCE841F5428DB0021B1E7 /* Rating */ = {
			isa = PBXGroup;
			children = (
				2023B3B51F55E25000B6F993 /* ScoresManager */,
				2023B3B21F55D96C00B6F993 /* Model */,
				A95BCE7A1F5427CE0021B1E7 /* Rating.storyboard */,
				20AE55AD1F55A88300043A07 /* InputController.swift */,
				A95BCE851F5428F40021B1E7 /* RatingController.swift */,
				20AE55A91F55A2A900043A07 /* TopTenController.swift */,
				20AE55AB1F55A2C800043A07 /* TopTenCell.swift */,
			);
			name = Rating;
			sourceTree = "<group>";
		};
		A95BCE871F5429B60021B1E7 /* Menu */ = {
			isa = PBXGroup;
			children = (
				A95FC51B1F502C7500E1F926 /* MenuController.swift */,
				A95FC51D1F502C7500E1F926 /* Main.storyboard */,
				A908D08E1F56B1A40097CF51 /* CreationGame.storyboard */,
			);
			name = Menu;
			sourceTree = "<group>";
		};
		A95FC50D1F502C7500E1F926 = {
			isa = PBXGroup;
			children = (
				A95FC5181F502C7500E1F926 /* BomberMan */,
				A95FC5301F502C7500E1F926 /* BomberManTests */,
				A95FC5171F502C7500E1F926 /* Products */,
			);
			sourceTree = "<group>";
		};
		A95FC5171F502C7500E1F926 /* Products */ = {
			isa = PBXGroup;
			children = (
				A95FC5161F502C7500E1F926 /* BomberMan.app */,
				A95FC52D1F502C7500E1F926 /* BomberManTests.xctest */,
			);
			name = Products;
			sourceTree = "<group>";
		};
		A95FC5181F502C7500E1F926 /* BomberMan */ = {
			isa = PBXGroup;
			children = (
				2023B3B81F55ECCD00B6F993 /* Utilities */,
				616E603A1F5038CE000B4A01 /* Supporting Files */,
				A95BCE701F5421BD0021B1E7 /* CustomTiles */,
				A95BCE7F1F5427FC0021B1E7 /* Classes */,
				A95FC5201F502C7500E1F926 /* BomberMan.xcdatamodeld */,
				61475F231F51C92500B68DAA /* Brain */,
			);
			path = BomberMan;
			sourceTree = "<group>";
		};
		A95FC5301F502C7500E1F926 /* BomberManTests */ = {
			isa = PBXGroup;
			children = (
				A95FC5311F502C7500E1F926 /* BomberManTests.swift */,
				A95FC5331F502C7500E1F926 /* Info.plist */,
			);
			path = BomberManTests;
			sourceTree = "<group>";
		};
/* End PBXGroup section */

/* Begin PBXNativeTarget section */
		A95FC5151F502C7500E1F926 /* BomberMan */ = {
			isa = PBXNativeTarget;
			buildConfigurationList = A95FC5361F502C7500E1F926 /* Build configuration list for PBXNativeTarget "BomberMan" */;
			buildPhases = (
				A95FC5121F502C7500E1F926 /* Sources */,
				A95FC5131F502C7500E1F926 /* Frameworks */,
				A95FC5141F502C7500E1F926 /* Resources */,
			);
			buildRules = (
			);
			dependencies = (
			);
			name = BomberMan;
			productName = BomberMan;
			productReference = A95FC5161F502C7500E1F926 /* BomberMan.app */;
			productType = "com.apple.product-type.application";
		};
		A95FC52C1F502C7500E1F926 /* BomberManTests */ = {
			isa = PBXNativeTarget;
			buildConfigurationList = A95FC5391F502C7500E1F926 /* Build configuration list for PBXNativeTarget "BomberManTests" */;
			buildPhases = (
				A95FC5291F502C7500E1F926 /* Sources */,
				A95FC52A1F502C7500E1F926 /* Frameworks */,
				A95FC52B1F502C7500E1F926 /* Resources */,
			);
			buildRules = (
			);
			dependencies = (
				A95FC52F1F502C7500E1F926 /* PBXTargetDependency */,
			);
			name = BomberManTests;
			productName = BomberManTests;
			productReference = A95FC52D1F502C7500E1F926 /* BomberManTests.xctest */;
			productType = "com.apple.product-type.bundle.unit-test";
		};
/* End PBXNativeTarget section */

/* Begin PBXProject section */
		A95FC50E1F502C7500E1F926 /* Project object */ = {
			isa = PBXProject;
			attributes = {
				LastSwiftUpdateCheck = 0830;
				LastUpgradeCheck = 0830;
				ORGANIZATIONNAME = "Lv-249 iOS";
				TargetAttributes = {
					A95FC5151F502C7500E1F926 = {
						CreatedOnToolsVersion = 8.3.3;
						ProvisioningStyle = Automatic;
					};
					A95FC52C1F502C7500E1F926 = {
						CreatedOnToolsVersion = 8.3.3;
						ProvisioningStyle = Automatic;
						TestTargetID = A95FC5151F502C7500E1F926;
					};
				};
			};
			buildConfigurationList = A95FC5111F502C7500E1F926 /* Build configuration list for PBXProject "BomberMan" */;
			compatibilityVersion = "Xcode 3.2";
			developmentRegion = English;
			hasScannedForEncodings = 0;
			knownRegions = (
				en,
				Base,
			);
			mainGroup = A95FC50D1F502C7500E1F926;
			productRefGroup = A95FC5171F502C7500E1F926 /* Products */;
			projectDirPath = "";
			projectRoot = "";
			targets = (
				A95FC5151F502C7500E1F926 /* BomberMan */,
				A95FC52C1F502C7500E1F926 /* BomberManTests */,
			);
		};
/* End PBXProject section */

/* Begin PBXResourcesBuildPhase section */
		A95FC5141F502C7500E1F926 /* Resources */ = {
			isa = PBXResourcesBuildPhase;
			buildActionMask = 2147483647;
			files = (
				A95BCE791F5427570021B1E7 /* Game.storyboard in Resources */,
				A95FC5271F502C7500E1F926 /* LaunchScreen.storyboard in Resources */,
				A95FC5241F502C7500E1F926 /* Assets.xcassets in Resources */,
				A908D0901F56B1A40097CF51 /* CreationGame.storyboard in Resources */,
				A95BCE7E1F5427E20021B1E7 /* Settings.storyboard in Resources */,
				A95FC51F1F502C7500E1F926 /* Main.storyboard in Resources */,
				A95BCE7C1F5427CE0021B1E7 /* Rating.storyboard in Resources */,
			);
			runOnlyForDeploymentPostprocessing = 0;
		};
		A95FC52B1F502C7500E1F926 /* Resources */ = {
			isa = PBXResourcesBuildPhase;
			buildActionMask = 2147483647;
			files = (
			);
			runOnlyForDeploymentPostprocessing = 0;
		};
/* End PBXResourcesBuildPhase section */

/* Begin PBXSourcesBuildPhase section */
		A95FC5121F502C7500E1F926 /* Sources */ = {
			isa = PBXSourcesBuildPhase;
			buildActionMask = 2147483647;
			files = (
				2023B3BB1F55ED0600B6F993 /* Date+SinceDate.swift in Sources */,
				A95BCE651F541FD30021B1E7 /* WallView.swift in Sources */,
				2023B3B41F55D99500B6F993 /* UserScore.swift in Sources */,
				2023B3B71F55E26F00B6F993 /* ScoresManager.swift in Sources */,
				A95BCE671F5420060021B1E7 /* BoxView.swift in Sources */,
				A95BCE861F5428F40021B1E7 /* RatingController.swift in Sources */,
				A95BCE831F5428AF0021B1E7 /* SettingsController.swift in Sources */,
				A95FC51C1F502C7500E1F926 /* MenuController.swift in Sources */,
				20AE55AC1F55A2C800043A07 /* TopTenCell.swift in Sources */,
				61475F2F1F51CA2F00B68DAA /* Structs.swift in Sources */,
				A95BCE721F5423DE0021B1E7 /* ControlPanelController.swift in Sources */,
				A95BCE891F544D6B0021B1E7 /* GameLayoutController.swift in Sources */,
				61475F311F51CA4900B68DAA /* Brain.swift in Sources */,
				20AE55AE1F55A88300043A07 /* InputController.swift in Sources */,
				A95BCE741F5423FA0021B1E7 /* GameMapController.swift in Sources */,
				A95BCE761F5424D00021B1E7 /* DetailsController.swift in Sources */,
				20AE55AA1F55A2A900043A07 /* TopTenController.swift in Sources */,
				A95FC51A1F502C7500E1F926 /* AppDelegate.swift in Sources */,
				A95FC5221F502C7500E1F926 /* BomberMan.xcdatamodeld in Sources */,
			);
			runOnlyForDeploymentPostprocessing = 0;
		};
		A95FC5291F502C7500E1F926 /* Sources */ = {
			isa = PBXSourcesBuildPhase;
			buildActionMask = 2147483647;
			files = (
				A95FC5321F502C7500E1F926 /* BomberManTests.swift in Sources */,
			);
			runOnlyForDeploymentPostprocessing = 0;
		};
/* End PBXSourcesBuildPhase section */

/* Begin PBXTargetDependency section */
		A95FC52F1F502C7500E1F926 /* PBXTargetDependency */ = {
			isa = PBXTargetDependency;
			target = A95FC5151F502C7500E1F926 /* BomberMan */;
			targetProxy = A95FC52E1F502C7500E1F926 /* PBXContainerItemProxy */;
		};
/* End PBXTargetDependency section */

/* Begin PBXVariantGroup section */
		A908D08E1F56B1A40097CF51 /* CreationGame.storyboard */ = {
			isa = PBXVariantGroup;
			children = (
				A908D08F1F56B1A40097CF51 /* Base */,
			);
			name = CreationGame.storyboard;
			sourceTree = "<group>";
		};
		A95BCE771F5427570021B1E7 /* Game.storyboard */ = {
			isa = PBXVariantGroup;
			children = (
				A95BCE781F5427570021B1E7 /* Base */,
			);
			name = Game.storyboard;
			sourceTree = "<group>";
		};
		A95BCE7A1F5427CE0021B1E7 /* Rating.storyboard */ = {
			isa = PBXVariantGroup;
			children = (
				A95BCE7B1F5427CE0021B1E7 /* Base */,
			);
			name = Rating.storyboard;
			sourceTree = "<group>";
		};
		A95FC51D1F502C7500E1F926 /* Main.storyboard */ = {
			isa = PBXVariantGroup;
			children = (
				A95FC51E1F502C7500E1F926 /* Base */,
			);
			name = Main.storyboard;
			sourceTree = "<group>";
		};
		A95FC5251F502C7500E1F926 /* LaunchScreen.storyboard */ = {
			isa = PBXVariantGroup;
			children = (
				A95FC5261F502C7500E1F926 /* Base */,
			);
			name = LaunchScreen.storyboard;
			sourceTree = "<group>";
		};
/* End PBXVariantGroup section */

/* Begin XCBuildConfiguration section */
		A95FC5341F502C7500E1F926 /* Debug */ = {
			isa = XCBuildConfiguration;
			buildSettings = {
				ALWAYS_SEARCH_USER_PATHS = NO;
				CLANG_ANALYZER_NONNULL = YES;
				CLANG_ANALYZER_NUMBER_OBJECT_CONVERSION = YES_AGGRESSIVE;
				CLANG_CXX_LANGUAGE_STANDARD = "gnu++0x";
				CLANG_CXX_LIBRARY = "libc++";
				CLANG_ENABLE_MODULES = YES;
				CLANG_ENABLE_OBJC_ARC = YES;
				CLANG_WARN_BOOL_CONVERSION = YES;
				CLANG_WARN_CONSTANT_CONVERSION = YES;
				CLANG_WARN_DIRECT_OBJC_ISA_USAGE = YES_ERROR;
				CLANG_WARN_DOCUMENTATION_COMMENTS = YES;
				CLANG_WARN_EMPTY_BODY = YES;
				CLANG_WARN_ENUM_CONVERSION = YES;
				CLANG_WARN_INFINITE_RECURSION = YES;
				CLANG_WARN_INT_CONVERSION = YES;
				CLANG_WARN_OBJC_ROOT_CLASS = YES_ERROR;
				CLANG_WARN_SUSPICIOUS_MOVE = YES;
				CLANG_WARN_UNREACHABLE_CODE = YES;
				CLANG_WARN__DUPLICATE_METHOD_MATCH = YES;
				"CODE_SIGN_IDENTITY[sdk=iphoneos*]" = "iPhone Developer";
				COPY_PHASE_STRIP = NO;
				DEBUG_INFORMATION_FORMAT = dwarf;
				ENABLE_STRICT_OBJC_MSGSEND = YES;
				ENABLE_TESTABILITY = YES;
				GCC_C_LANGUAGE_STANDARD = gnu99;
				GCC_DYNAMIC_NO_PIC = NO;
				GCC_NO_COMMON_BLOCKS = YES;
				GCC_OPTIMIZATION_LEVEL = 0;
				GCC_PREPROCESSOR_DEFINITIONS = (
					"DEBUG=1",
					"$(inherited)",
				);
				GCC_WARN_64_TO_32_BIT_CONVERSION = YES;
				GCC_WARN_ABOUT_RETURN_TYPE = YES_ERROR;
				GCC_WARN_UNDECLARED_SELECTOR = YES;
				GCC_WARN_UNINITIALIZED_AUTOS = YES_AGGRESSIVE;
				GCC_WARN_UNUSED_FUNCTION = YES;
				GCC_WARN_UNUSED_VARIABLE = YES;
				IPHONEOS_DEPLOYMENT_TARGET = 10.3;
				MTL_ENABLE_DEBUG_INFO = YES;
				ONLY_ACTIVE_ARCH = YES;
				SDKROOT = iphoneos;
				SWIFT_ACTIVE_COMPILATION_CONDITIONS = DEBUG;
				SWIFT_OPTIMIZATION_LEVEL = "-Onone";
				TARGETED_DEVICE_FAMILY = "1,2";
			};
			name = Debug;
		};
		A95FC5351F502C7500E1F926 /* Release */ = {
			isa = XCBuildConfiguration;
			buildSettings = {
				ALWAYS_SEARCH_USER_PATHS = NO;
				CLANG_ANALYZER_NONNULL = YES;
				CLANG_ANALYZER_NUMBER_OBJECT_CONVERSION = YES_AGGRESSIVE;
				CLANG_CXX_LANGUAGE_STANDARD = "gnu++0x";
				CLANG_CXX_LIBRARY = "libc++";
				CLANG_ENABLE_MODULES = YES;
				CLANG_ENABLE_OBJC_ARC = YES;
				CLANG_WARN_BOOL_CONVERSION = YES;
				CLANG_WARN_CONSTANT_CONVERSION = YES;
				CLANG_WARN_DIRECT_OBJC_ISA_USAGE = YES_ERROR;
				CLANG_WARN_DOCUMENTATION_COMMENTS = YES;
				CLANG_WARN_EMPTY_BODY = YES;
				CLANG_WARN_ENUM_CONVERSION = YES;
				CLANG_WARN_INFINITE_RECURSION = YES;
				CLANG_WARN_INT_CONVERSION = YES;
				CLANG_WARN_OBJC_ROOT_CLASS = YES_ERROR;
				CLANG_WARN_SUSPICIOUS_MOVE = YES;
				CLANG_WARN_UNREACHABLE_CODE = YES;
				CLANG_WARN__DUPLICATE_METHOD_MATCH = YES;
				"CODE_SIGN_IDENTITY[sdk=iphoneos*]" = "iPhone Developer";
				COPY_PHASE_STRIP = NO;
				DEBUG_INFORMATION_FORMAT = "dwarf-with-dsym";
				ENABLE_NS_ASSERTIONS = NO;
				ENABLE_STRICT_OBJC_MSGSEND = YES;
				GCC_C_LANGUAGE_STANDARD = gnu99;
				GCC_NO_COMMON_BLOCKS = YES;
				GCC_WARN_64_TO_32_BIT_CONVERSION = YES;
				GCC_WARN_ABOUT_RETURN_TYPE = YES_ERROR;
				GCC_WARN_UNDECLARED_SELECTOR = YES;
				GCC_WARN_UNINITIALIZED_AUTOS = YES_AGGRESSIVE;
				GCC_WARN_UNUSED_FUNCTION = YES;
				GCC_WARN_UNUSED_VARIABLE = YES;
				IPHONEOS_DEPLOYMENT_TARGET = 10.3;
				MTL_ENABLE_DEBUG_INFO = NO;
				SDKROOT = iphoneos;
				SWIFT_OPTIMIZATION_LEVEL = "-Owholemodule";
				TARGETED_DEVICE_FAMILY = "1,2";
				VALIDATE_PRODUCT = YES;
			};
			name = Release;
		};
		A95FC5371F502C7500E1F926 /* Debug */ = {
			isa = XCBuildConfiguration;
			buildSettings = {
				ASSETCATALOG_COMPILER_APPICON_NAME = AppIcon;
				INFOPLIST_FILE = BomberMan/Info.plist;
				IPHONEOS_DEPLOYMENT_TARGET = 10.2;
				LD_RUNPATH_SEARCH_PATHS = "$(inherited) @executable_path/Frameworks";
				PRODUCT_BUNDLE_IDENTIFIER = "IT-Academy.BomberMan";
				PRODUCT_NAME = "$(TARGET_NAME)";
				SWIFT_VERSION = 3.0;
				TARGETED_DEVICE_FAMILY = "1,2";
			};
			name = Debug;
		};
		A95FC5381F502C7500E1F926 /* Release */ = {
			isa = XCBuildConfiguration;
			buildSettings = {
				ASSETCATALOG_COMPILER_APPICON_NAME = AppIcon;
				INFOPLIST_FILE = BomberMan/Info.plist;
				IPHONEOS_DEPLOYMENT_TARGET = 10.2;
				LD_RUNPATH_SEARCH_PATHS = "$(inherited) @executable_path/Frameworks";
				PRODUCT_BUNDLE_IDENTIFIER = "IT-Academy.BomberMan";
				PRODUCT_NAME = "$(TARGET_NAME)";
				SWIFT_VERSION = 3.0;
				TARGETED_DEVICE_FAMILY = "1,2";
			};
			name = Release;
		};
		A95FC53A1F502C7500E1F926 /* Debug */ = {
			isa = XCBuildConfiguration;
			buildSettings = {
				ALWAYS_EMBED_SWIFT_STANDARD_LIBRARIES = YES;
				BUNDLE_LOADER = "$(TEST_HOST)";
				INFOPLIST_FILE = BomberManTests/Info.plist;
				IPHONEOS_DEPLOYMENT_TARGET = 10.2;
				LD_RUNPATH_SEARCH_PATHS = "$(inherited) @executable_path/Frameworks @loader_path/Frameworks";
				PRODUCT_BUNDLE_IDENTIFIER = "IT-Academy.BomberManTests";
				PRODUCT_NAME = "$(TARGET_NAME)";
				SWIFT_VERSION = 3.0;
				TEST_HOST = "$(BUILT_PRODUCTS_DIR)/BomberMan.app/BomberMan";
			};
			name = Debug;
		};
		A95FC53B1F502C7500E1F926 /* Release */ = {
			isa = XCBuildConfiguration;
			buildSettings = {
				ALWAYS_EMBED_SWIFT_STANDARD_LIBRARIES = YES;
				BUNDLE_LOADER = "$(TEST_HOST)";
				INFOPLIST_FILE = BomberManTests/Info.plist;
				IPHONEOS_DEPLOYMENT_TARGET = 10.2;
				LD_RUNPATH_SEARCH_PATHS = "$(inherited) @executable_path/Frameworks @loader_path/Frameworks";
				PRODUCT_BUNDLE_IDENTIFIER = "IT-Academy.BomberManTests";
				PRODUCT_NAME = "$(TARGET_NAME)";
				SWIFT_VERSION = 3.0;
				TEST_HOST = "$(BUILT_PRODUCTS_DIR)/BomberMan.app/BomberMan";
			};
			name = Release;
		};
/* End XCBuildConfiguration section */

/* Begin XCConfigurationList section */
		A95FC5111F502C7500E1F926 /* Build configuration list for PBXProject "BomberMan" */ = {
			isa = XCConfigurationList;
			buildConfigurations = (
				A95FC5341F502C7500E1F926 /* Debug */,
				A95FC5351F502C7500E1F926 /* Release */,
			);
			defaultConfigurationIsVisible = 0;
			defaultConfigurationName = Release;
		};
		A95FC5361F502C7500E1F926 /* Build configuration list for PBXNativeTarget "BomberMan" */ = {
			isa = XCConfigurationList;
			buildConfigurations = (
				A95FC5371F502C7500E1F926 /* Debug */,
				A95FC5381F502C7500E1F926 /* Release */,
			);
			defaultConfigurationIsVisible = 0;
			defaultConfigurationName = Release;
		};
		A95FC5391F502C7500E1F926 /* Build configuration list for PBXNativeTarget "BomberManTests" */ = {
			isa = XCConfigurationList;
			buildConfigurations = (
				A95FC53A1F502C7500E1F926 /* Debug */,
				A95FC53B1F502C7500E1F926 /* Release */,
			);
			defaultConfigurationIsVisible = 0;
			defaultConfigurationName = Release;
		};
/* End XCConfigurationList section */

/* Begin XCVersionGroup section */
		A95FC5201F502C7500E1F926 /* BomberMan.xcdatamodeld */ = {
			isa = XCVersionGroup;
			children = (
				A95FC5211F502C7500E1F926 /* BomberMan.xcdatamodel */,
			);
			currentVersion = A95FC5211F502C7500E1F926 /* BomberMan.xcdatamodel */;
			path = BomberMan.xcdatamodeld;
			sourceTree = "<group>";
			versionGroupType = wrapper.xcdatamodel;
		};
/* End XCVersionGroup section */
	};
	rootObject = A95FC50E1F502C7500E1F926 /* Project object */;
}
