// !$*UTF8*$!
{
	archiveVersion = 1;
	classes = {
	};
	objectVersion = 46;
	objects = {

/* Begin PBXBuildFile section */
		15478A641F753243000C5314 /* SettingsModel.swift in Sources */ = {isa = PBXBuildFile; fileRef = 15478A631F753243000C5314 /* SettingsModel.swift */; };
		6127F57F1F6BF27300108E45 /* EventParser.swift in Sources */ = {isa = PBXBuildFile; fileRef = 6127F57E1F6BF27300108E45 /* EventParser.swift */; };
		6164606F1F6182F100402452 /* Brain+MobLogic.swift in Sources */ = {isa = PBXBuildFile; fileRef = 6164606E1F6182F100402452 /* Brain+MobLogic.swift */; };
		616460711F61830E00402452 /* Brain+PlayerLogic.swift in Sources */ = {isa = PBXBuildFile; fileRef = 616460701F61830E00402452 /* Brain+PlayerLogic.swift */; };
		616460731F61840400402452 /* Brain+Explosion.swift in Sources */ = {isa = PBXBuildFile; fileRef = 616460721F61840400402452 /* Brain+Explosion.swift */; };
		61EFD3CC1F78E75500C9ED2D /* ConnectionStructs.swift in Sources */ = {isa = PBXBuildFile; fileRef = 61EFD3CB1F78E75500C9ED2D /* ConnectionStructs.swift */; };
		A908D0901F56B1A40097CF51 /* CreationGame.storyboard in Resources */ = {isa = PBXBuildFile; fileRef = A908D08E1F56B1A40097CF51 /* CreationGame.storyboard */; };
		A92AA4321F5E8A2C0025EFB6 /* EventPopOverView.xib in Resources */ = {isa = PBXBuildFile; fileRef = A92AA4311F5E8A2C0025EFB6 /* EventPopOverView.xib */; };
		A92AA4341F5E8D250025EFB6 /* EventPopOverView.swift in Sources */ = {isa = PBXBuildFile; fileRef = A92AA4331F5E8D250025EFB6 /* EventPopOverView.swift */; };
		A92AA4361F5E901D0025EFB6 /* EventPopOverController.swift in Sources */ = {isa = PBXBuildFile; fileRef = A92AA4351F5E901D0025EFB6 /* EventPopOverController.swift */; };
		A92AA4381F5ED2530025EFB6 /* TimeInterval+ToString.swift in Sources */ = {isa = PBXBuildFile; fileRef = A92AA4371F5ED2530025EFB6 /* TimeInterval+ToString.swift */; };
		A92AA43B1F5EDD210025EFB6 /* WinView.xib in Resources */ = {isa = PBXBuildFile; fileRef = A92AA43A1F5EDD210025EFB6 /* WinView.xib */; };
		A92AA43D1F5EE1080025EFB6 /* WinView.swift in Sources */ = {isa = PBXBuildFile; fileRef = A92AA43C1F5EE1080025EFB6 /* WinView.swift */; };
		A9381B911F6BD1BB007D5FE2 /* MultiplayerDetailsController.swift in Sources */ = {isa = PBXBuildFile; fileRef = A9381B901F6BD1BB007D5FE2 /* MultiplayerDetailsController.swift */; };
		A93D442D1F5D38CB008B4A10 /* PhoneView.swift in Sources */ = {isa = PBXBuildFile; fileRef = A93D442B1F5D38CB008B4A10 /* PhoneView.swift */; };
		A93D442E1F5D38CB008B4A10 /* PhoneView.xib in Resources */ = {isa = PBXBuildFile; fileRef = A93D442C1F5D38CB008B4A10 /* PhoneView.xib */; };
		A9443F301F75238600B61826 /* Settings.storyboard in Resources */ = {isa = PBXBuildFile; fileRef = A9443F2E1F75238600B61826 /* Settings.storyboard */; };
		A9443F331F7523C800B61826 /* SettingsController.swift in Sources */ = {isa = PBXBuildFile; fileRef = A9443F321F7523C800B61826 /* SettingsController.swift */; };
		A94BDEA41F5AFCE80085E073 /* ConnectionService.swift in Sources */ = {isa = PBXBuildFile; fileRef = A94BDEA31F5AFCE80085E073 /* ConnectionService.swift */; };
		A94BDEA91F5AFD150085E073 /* RatingController.swift in Sources */ = {isa = PBXBuildFile; fileRef = A94BDEA51F5AFD150085E073 /* RatingController.swift */; };
		A94BDEAA1F5AFD150085E073 /* ScoresManager.swift in Sources */ = {isa = PBXBuildFile; fileRef = A94BDEA61F5AFD150085E073 /* ScoresManager.swift */; };
		A94BDEAB1F5AFD150085E073 /* TopTenCell.swift in Sources */ = {isa = PBXBuildFile; fileRef = A94BDEA71F5AFD150085E073 /* TopTenCell.swift */; };
		A94BDEAC1F5AFD150085E073 /* TopTenController.swift in Sources */ = {isa = PBXBuildFile; fileRef = A94BDEA81F5AFD150085E073 /* TopTenController.swift */; };
		A94BDEB21F5AFD450085E073 /* ControlPanelController.swift in Sources */ = {isa = PBXBuildFile; fileRef = A94BDEAD1F5AFD450085E073 /* ControlPanelController.swift */; };
		A94BDEB31F5AFD450085E073 /* SingleplayerDetailsController.swift in Sources */ = {isa = PBXBuildFile; fileRef = A94BDEAE1F5AFD450085E073 /* SingleplayerDetailsController.swift */; };
		A94BDEB51F5AFD450085E073 /* GameLayoutController.swift in Sources */ = {isa = PBXBuildFile; fileRef = A94BDEB01F5AFD450085E073 /* GameLayoutController.swift */; };
		A94BDEB61F5AFD450085E073 /* GameMapController.swift in Sources */ = {isa = PBXBuildFile; fileRef = A94BDEB11F5AFD450085E073 /* GameMapController.swift */; };
		A94BDEB81F5AFD570085E073 /* MultiPlayerGame.swift in Sources */ = {isa = PBXBuildFile; fileRef = A94BDEB71F5AFD570085E073 /* MultiPlayerGame.swift */; };
		A94BDEBB1F5AFD6C0085E073 /* MenuController.swift in Sources */ = {isa = PBXBuildFile; fileRef = A94BDEB91F5AFD6C0085E073 /* MenuController.swift */; };
		A94BDEBE1F5AFDA40085E073 /* UserScore.swift in Sources */ = {isa = PBXBuildFile; fileRef = A94BDEBD1F5AFDA40085E073 /* UserScore.swift */; };
		A94BDECC1F5B013C0085E073 /* Brain.swift in Sources */ = {isa = PBXBuildFile; fileRef = A94BDEC91F5B013C0085E073 /* Brain.swift */; };
		A94BDECD1F5B013C0085E073 /* Levels.swift in Sources */ = {isa = PBXBuildFile; fileRef = A94BDECA1F5B013C0085E073 /* Levels.swift */; };
		A94BDECE1F5B013C0085E073 /* Structs.swift in Sources */ = {isa = PBXBuildFile; fileRef = A94BDECB1F5B013C0085E073 /* Structs.swift */; };
		A94BDED01F5B01CE0085E073 /* Date+SinceDate.swift in Sources */ = {isa = PBXBuildFile; fileRef = A94BDECF1F5B01CE0085E073 /* Date+SinceDate.swift */; };
		A94BDED21F5B0F940085E073 /* SoundManager.swift in Sources */ = {isa = PBXBuildFile; fileRef = A94BDED11F5B0F940085E073 /* SoundManager.swift */; };
		A95BCE791F5427570021B1E7 /* Game.storyboard in Resources */ = {isa = PBXBuildFile; fileRef = A95BCE771F5427570021B1E7 /* Game.storyboard */; };
		A95BCE7C1F5427CE0021B1E7 /* Rating.storyboard in Resources */ = {isa = PBXBuildFile; fileRef = A95BCE7A1F5427CE0021B1E7 /* Rating.storyboard */; };
		A95FC51A1F502C7500E1F926 /* AppDelegate.swift in Sources */ = {isa = PBXBuildFile; fileRef = A95FC5191F502C7500E1F926 /* AppDelegate.swift */; };
		A95FC51F1F502C7500E1F926 /* Main.storyboard in Resources */ = {isa = PBXBuildFile; fileRef = A95FC51D1F502C7500E1F926 /* Main.storyboard */; };
		A95FC5241F502C7500E1F926 /* Assets.xcassets in Resources */ = {isa = PBXBuildFile; fileRef = A95FC5231F502C7500E1F926 /* Assets.xcassets */; };
		A95FC5271F502C7500E1F926 /* LaunchScreen.storyboard in Resources */ = {isa = PBXBuildFile; fileRef = A95FC5251F502C7500E1F926 /* LaunchScreen.storyboard */; };
		A98005201F6C1B970098636B /* GameLayoutController+RuntimeView.swift in Sources */ = {isa = PBXBuildFile; fileRef = A980051F1F6C1B970098636B /* GameLayoutController+RuntimeView.swift */; };
		A98005221F6C1DCC0098636B /* SingeDetailsController+GameTimerProtocol.swift in Sources */ = {isa = PBXBuildFile; fileRef = A98005211F6C1DCC0098636B /* SingeDetailsController+GameTimerProtocol.swift */; };
		A98005241F6C1E3C0098636B /* Protocols.swift in Sources */ = {isa = PBXBuildFile; fileRef = A98005231F6C1E3C0098636B /* Protocols.swift */; };
		A99006E31F62C8180031248E /* Brain+Timers.swift in Sources */ = {isa = PBXBuildFile; fileRef = A99006E21F62C8180031248E /* Brain+Timers.swift */; };
		A9C763431F75835D00FC8442 /* GameLayoutGame+Alerts.swift in Sources */ = {isa = PBXBuildFile; fileRef = A9C763421F75835D00FC8442 /* GameLayoutGame+Alerts.swift */; };
		A9E460401F5ADC040091266C /* GameOverView.swift in Sources */ = {isa = PBXBuildFile; fileRef = A9E4603E1F5ADC040091266C /* GameOverView.swift */; };
		A9E460411F5ADC040091266C /* GameOverView.xib in Resources */ = {isa = PBXBuildFile; fileRef = A9E4603F1F5ADC040091266C /* GameOverView.xib */; };
		A9E460441F5ADC1F0091266C /* PauseView.swift in Sources */ = {isa = PBXBuildFile; fileRef = A9E460421F5ADC1F0091266C /* PauseView.swift */; };
		A9E460451F5ADC1F0091266C /* PauseView.xib in Resources */ = {isa = PBXBuildFile; fileRef = A9E460431F5ADC1F0091266C /* PauseView.xib */; };
		A9E460491F5ADC5F0091266C /* SingleDetailsView.swift in Sources */ = {isa = PBXBuildFile; fileRef = A9E460471F5ADC5F0091266C /* SingleDetailsView.swift */; };
		A9E4604A1F5ADC5F0091266C /* SingleDetailsView.xib in Resources */ = {isa = PBXBuildFile; fileRef = A9E460481F5ADC5F0091266C /* SingleDetailsView.xib */; };
		A9E4604E1F5ADC9E0091266C /* MoveToNextLevelView.swift in Sources */ = {isa = PBXBuildFile; fileRef = A9E4604C1F5ADC9E0091266C /* MoveToNextLevelView.swift */; };
		A9E4604F1F5ADC9E0091266C /* MoveToNextLevelView.xib in Resources */ = {isa = PBXBuildFile; fileRef = A9E4604D1F5ADC9E0091266C /* MoveToNextLevelView.xib */; };
		A9E460531F5ADCE00091266C /* MultiDetailsView.swift in Sources */ = {isa = PBXBuildFile; fileRef = A9E460511F5ADCE00091266C /* MultiDetailsView.swift */; };
		A9E460541F5ADCE00091266C /* MultiDetailsView.xib in Resources */ = {isa = PBXBuildFile; fileRef = A9E460521F5ADCE00091266C /* MultiDetailsView.xib */; };
		A9E460581F5ADD0E0091266C /* ControlPanelView.swift in Sources */ = {isa = PBXBuildFile; fileRef = A9E460561F5ADD0E0091266C /* ControlPanelView.swift */; };
		A9E460591F5ADD0E0091266C /* ControlPanelView.xib in Resources */ = {isa = PBXBuildFile; fileRef = A9E460571F5ADD0E0091266C /* ControlPanelView.xib */; };
		A9E460AF1F5AE32F0091266C /* BoxView.swift in Sources */ = {isa = PBXBuildFile; fileRef = A9E460AC1F5AE32F0091266C /* BoxView.swift */; };
		A9E460B01F5AE32F0091266C /* WallView.swift in Sources */ = {isa = PBXBuildFile; fileRef = A9E460AD1F5AE32F0091266C /* WallView.swift */; };
		A9E460F01F5AE6E90091266C /* opening.mp3 in Resources */ = {isa = PBXBuildFile; fileRef = A9E460EF1F5AE6E90091266C /* opening.mp3 */; };
		B241B4141F792C6B00E9A12A /* up02.png in Resources */ = {isa = PBXBuildFile; fileRef = B241B4111F792C6B00E9A12A /* up02.png */; };
		B241B4151F792C6B00E9A12A /* up03.png in Resources */ = {isa = PBXBuildFile; fileRef = B241B4121F792C6B00E9A12A /* up03.png */; };
		B241B4161F792C6B00E9A12A /* up01.png in Resources */ = {isa = PBXBuildFile; fileRef = B241B4131F792C6B00E9A12A /* up01.png */; };
		B241B41A1F792C7200E9A12A /* left01.png in Resources */ = {isa = PBXBuildFile; fileRef = B241B4171F792C7200E9A12A /* left01.png */; };
		B241B41B1F792C7200E9A12A /* left02.png in Resources */ = {isa = PBXBuildFile; fileRef = B241B4181F792C7200E9A12A /* left02.png */; };
		B241B41C1F792C7200E9A12A /* left03.png in Resources */ = {isa = PBXBuildFile; fileRef = B241B4191F792C7200E9A12A /* left03.png */; };
		B241B4201F792C7F00E9A12A /* right02.png in Resources */ = {isa = PBXBuildFile; fileRef = B241B41D1F792C7F00E9A12A /* right02.png */; };
		B241B4211F792C7F00E9A12A /* right03.png in Resources */ = {isa = PBXBuildFile; fileRef = B241B41E1F792C7F00E9A12A /* right03.png */; };
		B241B4221F792C7F00E9A12A /* right01.png in Resources */ = {isa = PBXBuildFile; fileRef = B241B41F1F792C7F00E9A12A /* right01.png */; };
		B241B4251F792C8600E9A12A /* down01.png in Resources */ = {isa = PBXBuildFile; fileRef = B241B4231F792C8600E9A12A /* down01.png */; };
		B241B4261F792C8600E9A12A /* down02.png in Resources */ = {isa = PBXBuildFile; fileRef = B241B4241F792C8600E9A12A /* down02.png */; };
		B25214321F78F54A005F8DB8 /* CircularTransition.swift in Sources */ = {isa = PBXBuildFile; fileRef = B25214311F78F54A005F8DB8 /* CircularTransition.swift */; };
		B252B0511F73CA21009339AE /* right33.png in Resources */ = {isa = PBXBuildFile; fileRef = B252B0461F73CA21009339AE /* right33.png */; };
		B252B0521F73CA21009339AE /* right32.png in Resources */ = {isa = PBXBuildFile; fileRef = B252B0471F73CA21009339AE /* right32.png */; };
		B252B0531F73CA21009339AE /* right31.png in Resources */ = {isa = PBXBuildFile; fileRef = B252B0481F73CA21009339AE /* right31.png */; };
		B252B0541F73CA21009339AE /* up31.png in Resources */ = {isa = PBXBuildFile; fileRef = B252B0491F73CA21009339AE /* up31.png */; };
		B252B0551F73CA21009339AE /* up32.png in Resources */ = {isa = PBXBuildFile; fileRef = B252B04A1F73CA21009339AE /* up32.png */; };
		B252B0561F73CA21009339AE /* up33.png in Resources */ = {isa = PBXBuildFile; fileRef = B252B04B1F73CA21009339AE /* up33.png */; };
		B252B0571F73CA21009339AE /* left31.png in Resources */ = {isa = PBXBuildFile; fileRef = B252B04C1F73CA21009339AE /* left31.png */; };
		B252B0581F73CA21009339AE /* left32.png in Resources */ = {isa = PBXBuildFile; fileRef = B252B04D1F73CA21009339AE /* left32.png */; };
		B252B0591F73CA21009339AE /* left33.png in Resources */ = {isa = PBXBuildFile; fileRef = B252B04E1F73CA21009339AE /* left33.png */; };
		B252B05A1F73CA21009339AE /* down31.png in Resources */ = {isa = PBXBuildFile; fileRef = B252B04F1F73CA21009339AE /* down31.png */; };
		B252B05B1F73CA21009339AE /* down32.png in Resources */ = {isa = PBXBuildFile; fileRef = B252B0501F73CA21009339AE /* down32.png */; };
		B252B05D1F73D068009339AE /* Explosions.swift in Sources */ = {isa = PBXBuildFile; fileRef = B252B05C1F73D068009339AE /* Explosions.swift */; };
		B252B05F1F73D23E009339AE /* Movement.swift in Sources */ = {isa = PBXBuildFile; fileRef = B252B05E1F73D23E009339AE /* Movement.swift */; };
		B252B06B1F73ED49009339AE /* down41.png in Resources */ = {isa = PBXBuildFile; fileRef = B252B0601F73ED49009339AE /* down41.png */; };
		B252B06C1F73ED49009339AE /* down42.png in Resources */ = {isa = PBXBuildFile; fileRef = B252B0611F73ED49009339AE /* down42.png */; };
		B252B06D1F73ED49009339AE /* right41.png in Resources */ = {isa = PBXBuildFile; fileRef = B252B0621F73ED49009339AE /* right41.png */; };
		B252B06E1F73ED49009339AE /* right42.png in Resources */ = {isa = PBXBuildFile; fileRef = B252B0631F73ED49009339AE /* right42.png */; };
		B252B06F1F73ED49009339AE /* right43.png in Resources */ = {isa = PBXBuildFile; fileRef = B252B0641F73ED49009339AE /* right43.png */; };
		B252B0701F73ED49009339AE /* up41.png in Resources */ = {isa = PBXBuildFile; fileRef = B252B0651F73ED49009339AE /* up41.png */; };
		B252B0711F73ED49009339AE /* up42.png in Resources */ = {isa = PBXBuildFile; fileRef = B252B0661F73ED49009339AE /* up42.png */; };
		B252B0721F73ED49009339AE /* up43.png in Resources */ = {isa = PBXBuildFile; fileRef = B252B0671F73ED49009339AE /* up43.png */; };
		B252B0731F73ED49009339AE /* left41.png in Resources */ = {isa = PBXBuildFile; fileRef = B252B0681F73ED49009339AE /* left41.png */; };
		B252B0741F73ED49009339AE /* left42.png in Resources */ = {isa = PBXBuildFile; fileRef = B252B0691F73ED49009339AE /* left42.png */; };
		B252B0751F73ED49009339AE /* left43.png in Resources */ = {isa = PBXBuildFile; fileRef = B252B06A1F73ED49009339AE /* left43.png */; };
		B25B4DDD1F6FAB1200639F27 /* boxExplosion6.png in Resources */ = {isa = PBXBuildFile; fileRef = B25B4DD71F6FAB1200639F27 /* boxExplosion6.png */; };
		B25B4DDE1F6FAB1200639F27 /* boxExplosion4.png in Resources */ = {isa = PBXBuildFile; fileRef = B25B4DD81F6FAB1200639F27 /* boxExplosion4.png */; };
		B25B4DDF1F6FAB1200639F27 /* boxExplosion1.png in Resources */ = {isa = PBXBuildFile; fileRef = B25B4DD91F6FAB1200639F27 /* boxExplosion1.png */; };
		B25B4DE01F6FAB1200639F27 /* boxExplosion3.png in Resources */ = {isa = PBXBuildFile; fileRef = B25B4DDA1F6FAB1200639F27 /* boxExplosion3.png */; };
		B25B4DE11F6FAB1200639F27 /* boxExplosion5.png in Resources */ = {isa = PBXBuildFile; fileRef = B25B4DDB1F6FAB1200639F27 /* boxExplosion5.png */; };
		B25B4DE21F6FAB1200639F27 /* boxExplosion2.png in Resources */ = {isa = PBXBuildFile; fileRef = B25B4DDC1F6FAB1200639F27 /* boxExplosion2.png */; };
		B273A64A1F729CFA003CA8E7 /* up12.png in Resources */ = {isa = PBXBuildFile; fileRef = B273A63F1F729CFA003CA8E7 /* up12.png */; };
		B273A64B1F729CFA003CA8E7 /* up13.png in Resources */ = {isa = PBXBuildFile; fileRef = B273A6401F729CFA003CA8E7 /* up13.png */; };
		B273A64C1F729CFA003CA8E7 /* right11.png in Resources */ = {isa = PBXBuildFile; fileRef = B273A6411F729CFA003CA8E7 /* right11.png */; };
		B273A64D1F729CFA003CA8E7 /* right12.png in Resources */ = {isa = PBXBuildFile; fileRef = B273A6421F729CFA003CA8E7 /* right12.png */; };
		B273A64E1F729CFA003CA8E7 /* right13.png in Resources */ = {isa = PBXBuildFile; fileRef = B273A6431F729CFA003CA8E7 /* right13.png */; };
		B273A64F1F729CFA003CA8E7 /* up11.png in Resources */ = {isa = PBXBuildFile; fileRef = B273A6441F729CFA003CA8E7 /* up11.png */; };
		B273A6501F729CFA003CA8E7 /* left11.png in Resources */ = {isa = PBXBuildFile; fileRef = B273A6451F729CFA003CA8E7 /* left11.png */; };
		B273A6511F729CFA003CA8E7 /* left12.png in Resources */ = {isa = PBXBuildFile; fileRef = B273A6461F729CFA003CA8E7 /* left12.png */; };
		B273A6521F729CFA003CA8E7 /* left13.png in Resources */ = {isa = PBXBuildFile; fileRef = B273A6471F729CFA003CA8E7 /* left13.png */; };
		B273A6531F729CFA003CA8E7 /* down11.png in Resources */ = {isa = PBXBuildFile; fileRef = B273A6481F729CFA003CA8E7 /* down11.png */; };
		B273A6541F729CFA003CA8E7 /* down12.png in Resources */ = {isa = PBXBuildFile; fileRef = B273A6491F729CFA003CA8E7 /* down12.png */; };
		B273A6601F729F1F003CA8E7 /* down21.png in Resources */ = {isa = PBXBuildFile; fileRef = B273A6551F729F1F003CA8E7 /* down21.png */; };
		B273A6611F729F1F003CA8E7 /* down22.png in Resources */ = {isa = PBXBuildFile; fileRef = B273A6561F729F1F003CA8E7 /* down22.png */; };
		B273A6621F729F1F003CA8E7 /* left21.png in Resources */ = {isa = PBXBuildFile; fileRef = B273A6571F729F1F003CA8E7 /* left21.png */; };
		B273A6631F729F1F003CA8E7 /* left22.png in Resources */ = {isa = PBXBuildFile; fileRef = B273A6581F729F1F003CA8E7 /* left22.png */; };
		B273A6641F729F1F003CA8E7 /* left23.png in Resources */ = {isa = PBXBuildFile; fileRef = B273A6591F729F1F003CA8E7 /* left23.png */; };
		B273A6651F729F1F003CA8E7 /* right21.png in Resources */ = {isa = PBXBuildFile; fileRef = B273A65A1F729F1F003CA8E7 /* right21.png */; };
		B273A6661F729F1F003CA8E7 /* right22.png in Resources */ = {isa = PBXBuildFile; fileRef = B273A65B1F729F1F003CA8E7 /* right22.png */; };
		B273A6671F729F1F003CA8E7 /* right23.png in Resources */ = {isa = PBXBuildFile; fileRef = B273A65C1F729F1F003CA8E7 /* right23.png */; };
		B273A6681F729F1F003CA8E7 /* up21.png in Resources */ = {isa = PBXBuildFile; fileRef = B273A65D1F729F1F003CA8E7 /* up21.png */; };
		B273A6691F729F1F003CA8E7 /* up22.png in Resources */ = {isa = PBXBuildFile; fileRef = B273A65E1F729F1F003CA8E7 /* up22.png */; };
		B273A66A1F729F1F003CA8E7 /* up23.png in Resources */ = {isa = PBXBuildFile; fileRef = B273A65F1F729F1F003CA8E7 /* up23.png */; };
		B2AD98CA1F7A411C007C858A /* TilesFactory.swift in Sources */ = {isa = PBXBuildFile; fileRef = B2AD98C91F7A411C007C858A /* TilesFactory.swift */; };
		B2AD98CE1F7A8FF4007C858A /* win11.png in Resources */ = {isa = PBXBuildFile; fileRef = B2AD98CB1F7A8FF4007C858A /* win11.png */; };
		B2AD98CF1F7A8FF4007C858A /* win12.png in Resources */ = {isa = PBXBuildFile; fileRef = B2AD98CC1F7A8FF4007C858A /* win12.png */; };
		B2AD98D01F7A8FF4007C858A /* win13.png in Resources */ = {isa = PBXBuildFile; fileRef = B2AD98CD1F7A8FF4007C858A /* win13.png */; };
		E77C3CDA1F59889200DE1CE1 /* death1.png in Resources */ = {isa = PBXBuildFile; fileRef = E77C3CD21F59889200DE1CE1 /* death1.png */; };
		E77C3CDB1F59889200DE1CE1 /* death2.png in Resources */ = {isa = PBXBuildFile; fileRef = E77C3CD31F59889200DE1CE1 /* death2.png */; };
		E77C3CDC1F59889200DE1CE1 /* death3.png in Resources */ = {isa = PBXBuildFile; fileRef = E77C3CD41F59889200DE1CE1 /* death3.png */; };
		E77C3CDD1F59889200DE1CE1 /* death4.png in Resources */ = {isa = PBXBuildFile; fileRef = E77C3CD51F59889200DE1CE1 /* death4.png */; };
		E77C3CDE1F59889200DE1CE1 /* death5.png in Resources */ = {isa = PBXBuildFile; fileRef = E77C3CD61F59889200DE1CE1 /* death5.png */; };
		E77C3CDF1F59889200DE1CE1 /* death6.png in Resources */ = {isa = PBXBuildFile; fileRef = E77C3CD71F59889200DE1CE1 /* death6.png */; };
		E77C3CE01F59889200DE1CE1 /* death7.png in Resources */ = {isa = PBXBuildFile; fileRef = E77C3CD81F59889200DE1CE1 /* death7.png */; };
		E77C3CE11F59889200DE1CE1 /* death8.png in Resources */ = {isa = PBXBuildFile; fileRef = E77C3CD91F59889200DE1CE1 /* death8.png */; };
		E7C191541F5EE69A00C1497F /* powerupgrade.png in Resources */ = {isa = PBXBuildFile; fileRef = E7C191531F5EE69A00C1497F /* powerupgrade.png */; };
		E7C191561F5EE6A400C1497F /* bombupgrade.png in Resources */ = {isa = PBXBuildFile; fileRef = E7C191551F5EE6A400C1497F /* bombupgrade.png */; };
		E7C5B82D1F6FDC4800EBB160 /* Brain+Multiplayer.swift in Sources */ = {isa = PBXBuildFile; fileRef = E7C5B82C1F6FDC4800EBB160 /* Brain+Multiplayer.swift */; };
/* End PBXBuildFile section */

/* Begin PBXFileReference section */
		15478A631F753243000C5314 /* SettingsModel.swift */ = {isa = PBXFileReference; lastKnownFileType = sourcecode.swift; path = SettingsModel.swift; sourceTree = "<group>"; };
		6127F57E1F6BF27300108E45 /* EventParser.swift */ = {isa = PBXFileReference; fileEncoding = 4; lastKnownFileType = sourcecode.swift; path = EventParser.swift; sourceTree = "<group>"; };
		6164606E1F6182F100402452 /* Brain+MobLogic.swift */ = {isa = PBXFileReference; fileEncoding = 4; lastKnownFileType = sourcecode.swift; path = "Brain+MobLogic.swift"; sourceTree = "<group>"; };
		616460701F61830E00402452 /* Brain+PlayerLogic.swift */ = {isa = PBXFileReference; fileEncoding = 4; lastKnownFileType = sourcecode.swift; path = "Brain+PlayerLogic.swift"; sourceTree = "<group>"; };
		616460721F61840400402452 /* Brain+Explosion.swift */ = {isa = PBXFileReference; fileEncoding = 4; lastKnownFileType = sourcecode.swift; path = "Brain+Explosion.swift"; sourceTree = "<group>"; };
		61EFD3CB1F78E75500C9ED2D /* ConnectionStructs.swift */ = {isa = PBXFileReference; lastKnownFileType = sourcecode.swift; path = ConnectionStructs.swift; sourceTree = "<group>"; };
		A908D08F1F56B1A40097CF51 /* Base */ = {isa = PBXFileReference; lastKnownFileType = file.storyboard; name = Base; path = Base.lproj/CreationGame.storyboard; sourceTree = "<group>"; };
		A92AA4311F5E8A2C0025EFB6 /* EventPopOverView.xib */ = {isa = PBXFileReference; fileEncoding = 4; lastKnownFileType = file.xib; path = EventPopOverView.xib; sourceTree = "<group>"; };
		A92AA4331F5E8D250025EFB6 /* EventPopOverView.swift */ = {isa = PBXFileReference; fileEncoding = 4; lastKnownFileType = sourcecode.swift; path = EventPopOverView.swift; sourceTree = "<group>"; };
		A92AA4351F5E901D0025EFB6 /* EventPopOverController.swift */ = {isa = PBXFileReference; fileEncoding = 4; lastKnownFileType = sourcecode.swift; path = EventPopOverController.swift; sourceTree = "<group>"; };
		A92AA4371F5ED2530025EFB6 /* TimeInterval+ToString.swift */ = {isa = PBXFileReference; fileEncoding = 4; lastKnownFileType = sourcecode.swift; path = "TimeInterval+ToString.swift"; sourceTree = "<group>"; };
		A92AA43A1F5EDD210025EFB6 /* WinView.xib */ = {isa = PBXFileReference; fileEncoding = 4; lastKnownFileType = file.xib; path = WinView.xib; sourceTree = "<group>"; };
		A92AA43C1F5EE1080025EFB6 /* WinView.swift */ = {isa = PBXFileReference; fileEncoding = 4; lastKnownFileType = sourcecode.swift; path = WinView.swift; sourceTree = "<group>"; };
		A9381B901F6BD1BB007D5FE2 /* MultiplayerDetailsController.swift */ = {isa = PBXFileReference; fileEncoding = 4; lastKnownFileType = sourcecode.swift; path = MultiplayerDetailsController.swift; sourceTree = "<group>"; };
		A93D442B1F5D38CB008B4A10 /* PhoneView.swift */ = {isa = PBXFileReference; fileEncoding = 4; lastKnownFileType = sourcecode.swift; path = PhoneView.swift; sourceTree = "<group>"; };
		A93D442C1F5D38CB008B4A10 /* PhoneView.xib */ = {isa = PBXFileReference; fileEncoding = 4; lastKnownFileType = file.xib; path = PhoneView.xib; sourceTree = "<group>"; };
		A9443F2F1F75238600B61826 /* Base */ = {isa = PBXFileReference; lastKnownFileType = file.storyboard; name = Base; path = Base.lproj/Settings.storyboard; sourceTree = "<group>"; };
		A9443F321F7523C800B61826 /* SettingsController.swift */ = {isa = PBXFileReference; fileEncoding = 4; lastKnownFileType = sourcecode.swift; path = SettingsController.swift; sourceTree = "<group>"; };
		A94BDEA31F5AFCE80085E073 /* ConnectionService.swift */ = {isa = PBXFileReference; fileEncoding = 4; lastKnownFileType = sourcecode.swift; path = ConnectionService.swift; sourceTree = "<group>"; };
		A94BDEA51F5AFD150085E073 /* RatingController.swift */ = {isa = PBXFileReference; fileEncoding = 4; lastKnownFileType = sourcecode.swift; path = RatingController.swift; sourceTree = "<group>"; };
		A94BDEA61F5AFD150085E073 /* ScoresManager.swift */ = {isa = PBXFileReference; fileEncoding = 4; lastKnownFileType = sourcecode.swift; path = ScoresManager.swift; sourceTree = "<group>"; };
		A94BDEA71F5AFD150085E073 /* TopTenCell.swift */ = {isa = PBXFileReference; fileEncoding = 4; lastKnownFileType = sourcecode.swift; path = TopTenCell.swift; sourceTree = "<group>"; };
		A94BDEA81F5AFD150085E073 /* TopTenController.swift */ = {isa = PBXFileReference; fileEncoding = 4; lastKnownFileType = sourcecode.swift; path = TopTenController.swift; sourceTree = "<group>"; };
		A94BDEAD1F5AFD450085E073 /* ControlPanelController.swift */ = {isa = PBXFileReference; fileEncoding = 4; lastKnownFileType = sourcecode.swift; path = ControlPanelController.swift; sourceTree = "<group>"; };
		A94BDEAE1F5AFD450085E073 /* SingleplayerDetailsController.swift */ = {isa = PBXFileReference; fileEncoding = 4; lastKnownFileType = sourcecode.swift; path = SingleplayerDetailsController.swift; sourceTree = "<group>"; };
		A94BDEB01F5AFD450085E073 /* GameLayoutController.swift */ = {isa = PBXFileReference; fileEncoding = 4; lastKnownFileType = sourcecode.swift; path = GameLayoutController.swift; sourceTree = "<group>"; };
		A94BDEB11F5AFD450085E073 /* GameMapController.swift */ = {isa = PBXFileReference; fileEncoding = 4; lastKnownFileType = sourcecode.swift; path = GameMapController.swift; sourceTree = "<group>"; };
		A94BDEB71F5AFD570085E073 /* MultiPlayerGame.swift */ = {isa = PBXFileReference; fileEncoding = 4; lastKnownFileType = sourcecode.swift; path = MultiPlayerGame.swift; sourceTree = "<group>"; };
		A94BDEB91F5AFD6C0085E073 /* MenuController.swift */ = {isa = PBXFileReference; fileEncoding = 4; lastKnownFileType = sourcecode.swift; path = MenuController.swift; sourceTree = "<group>"; };
		A94BDEBD1F5AFDA40085E073 /* UserScore.swift */ = {isa = PBXFileReference; fileEncoding = 4; lastKnownFileType = sourcecode.swift; path = UserScore.swift; sourceTree = "<group>"; };
		A94BDEC91F5B013C0085E073 /* Brain.swift */ = {isa = PBXFileReference; fileEncoding = 4; lastKnownFileType = sourcecode.swift; path = Brain.swift; sourceTree = "<group>"; };
		A94BDECA1F5B013C0085E073 /* Levels.swift */ = {isa = PBXFileReference; fileEncoding = 4; lastKnownFileType = sourcecode.swift; path = Levels.swift; sourceTree = "<group>"; };
		A94BDECB1F5B013C0085E073 /* Structs.swift */ = {isa = PBXFileReference; fileEncoding = 4; lastKnownFileType = sourcecode.swift; path = Structs.swift; sourceTree = "<group>"; };
		A94BDECF1F5B01CE0085E073 /* Date+SinceDate.swift */ = {isa = PBXFileReference; fileEncoding = 4; lastKnownFileType = sourcecode.swift; path = "Date+SinceDate.swift"; sourceTree = "<group>"; };
		A94BDED11F5B0F940085E073 /* SoundManager.swift */ = {isa = PBXFileReference; fileEncoding = 4; lastKnownFileType = sourcecode.swift; path = SoundManager.swift; sourceTree = "<group>"; };
		A95BCE781F5427570021B1E7 /* Base */ = {isa = PBXFileReference; lastKnownFileType = file.storyboard; name = Base; path = Base.lproj/Game.storyboard; sourceTree = "<group>"; };
		A95BCE7B1F5427CE0021B1E7 /* Base */ = {isa = PBXFileReference; lastKnownFileType = file.storyboard; name = Base; path = Base.lproj/Rating.storyboard; sourceTree = "<group>"; };
		A95FC5161F502C7500E1F926 /* BomberMan.app */ = {isa = PBXFileReference; explicitFileType = wrapper.application; includeInIndex = 0; path = BomberMan.app; sourceTree = BUILT_PRODUCTS_DIR; };
		A95FC5191F502C7500E1F926 /* AppDelegate.swift */ = {isa = PBXFileReference; lastKnownFileType = sourcecode.swift; path = AppDelegate.swift; sourceTree = "<group>"; };
		A95FC51E1F502C7500E1F926 /* Base */ = {isa = PBXFileReference; lastKnownFileType = file.storyboard; name = Base; path = Base.lproj/Main.storyboard; sourceTree = "<group>"; };
		A95FC5231F502C7500E1F926 /* Assets.xcassets */ = {isa = PBXFileReference; lastKnownFileType = folder.assetcatalog; path = Assets.xcassets; sourceTree = "<group>"; };
		A95FC5261F502C7500E1F926 /* Base */ = {isa = PBXFileReference; lastKnownFileType = file.storyboard; name = Base; path = Base.lproj/LaunchScreen.storyboard; sourceTree = "<group>"; };
		A95FC5281F502C7500E1F926 /* Info.plist */ = {isa = PBXFileReference; lastKnownFileType = text.plist.xml; path = Info.plist; sourceTree = "<group>"; };
		A980051F1F6C1B970098636B /* GameLayoutController+RuntimeView.swift */ = {isa = PBXFileReference; fileEncoding = 4; lastKnownFileType = sourcecode.swift; path = "GameLayoutController+RuntimeView.swift"; sourceTree = "<group>"; };
		A98005211F6C1DCC0098636B /* SingeDetailsController+GameTimerProtocol.swift */ = {isa = PBXFileReference; fileEncoding = 4; lastKnownFileType = sourcecode.swift; path = "SingeDetailsController+GameTimerProtocol.swift"; sourceTree = "<group>"; };
		A98005231F6C1E3C0098636B /* Protocols.swift */ = {isa = PBXFileReference; fileEncoding = 4; lastKnownFileType = sourcecode.swift; path = Protocols.swift; sourceTree = "<group>"; };
		A99006E21F62C8180031248E /* Brain+Timers.swift */ = {isa = PBXFileReference; fileEncoding = 4; lastKnownFileType = sourcecode.swift; path = "Brain+Timers.swift"; sourceTree = "<group>"; };
		A9C763421F75835D00FC8442 /* GameLayoutGame+Alerts.swift */ = {isa = PBXFileReference; fileEncoding = 4; lastKnownFileType = sourcecode.swift; path = "GameLayoutGame+Alerts.swift"; sourceTree = "<group>"; };
		A9E4603E1F5ADC040091266C /* GameOverView.swift */ = {isa = PBXFileReference; fileEncoding = 4; lastKnownFileType = sourcecode.swift; path = GameOverView.swift; sourceTree = "<group>"; };
		A9E4603F1F5ADC040091266C /* GameOverView.xib */ = {isa = PBXFileReference; fileEncoding = 4; lastKnownFileType = file.xib; path = GameOverView.xib; sourceTree = "<group>"; };
		A9E460421F5ADC1F0091266C /* PauseView.swift */ = {isa = PBXFileReference; fileEncoding = 4; lastKnownFileType = sourcecode.swift; path = PauseView.swift; sourceTree = "<group>"; };
		A9E460431F5ADC1F0091266C /* PauseView.xib */ = {isa = PBXFileReference; fileEncoding = 4; lastKnownFileType = file.xib; path = PauseView.xib; sourceTree = "<group>"; };
		A9E460471F5ADC5F0091266C /* SingleDetailsView.swift */ = {isa = PBXFileReference; fileEncoding = 4; lastKnownFileType = sourcecode.swift; path = SingleDetailsView.swift; sourceTree = "<group>"; };
		A9E460481F5ADC5F0091266C /* SingleDetailsView.xib */ = {isa = PBXFileReference; fileEncoding = 4; lastKnownFileType = file.xib; path = SingleDetailsView.xib; sourceTree = "<group>"; };
		A9E4604C1F5ADC9E0091266C /* MoveToNextLevelView.swift */ = {isa = PBXFileReference; fileEncoding = 4; lastKnownFileType = sourcecode.swift; path = MoveToNextLevelView.swift; sourceTree = "<group>"; };
		A9E4604D1F5ADC9E0091266C /* MoveToNextLevelView.xib */ = {isa = PBXFileReference; fileEncoding = 4; lastKnownFileType = file.xib; path = MoveToNextLevelView.xib; sourceTree = "<group>"; };
		A9E460511F5ADCE00091266C /* MultiDetailsView.swift */ = {isa = PBXFileReference; fileEncoding = 4; lastKnownFileType = sourcecode.swift; path = MultiDetailsView.swift; sourceTree = "<group>"; };
		A9E460521F5ADCE00091266C /* MultiDetailsView.xib */ = {isa = PBXFileReference; fileEncoding = 4; lastKnownFileType = file.xib; path = MultiDetailsView.xib; sourceTree = "<group>"; };
		A9E460561F5ADD0E0091266C /* ControlPanelView.swift */ = {isa = PBXFileReference; fileEncoding = 4; lastKnownFileType = sourcecode.swift; path = ControlPanelView.swift; sourceTree = "<group>"; };
		A9E460571F5ADD0E0091266C /* ControlPanelView.xib */ = {isa = PBXFileReference; fileEncoding = 4; lastKnownFileType = file.xib; path = ControlPanelView.xib; sourceTree = "<group>"; };
		A9E460AC1F5AE32F0091266C /* BoxView.swift */ = {isa = PBXFileReference; fileEncoding = 4; lastKnownFileType = sourcecode.swift; path = BoxView.swift; sourceTree = "<group>"; };
		A9E460AD1F5AE32F0091266C /* WallView.swift */ = {isa = PBXFileReference; fileEncoding = 4; lastKnownFileType = sourcecode.swift; path = WallView.swift; sourceTree = "<group>"; };
		A9E460EF1F5AE6E90091266C /* opening.mp3 */ = {isa = PBXFileReference; lastKnownFileType = audio.mp3; path = opening.mp3; sourceTree = "<group>"; };
		B241B4111F792C6B00E9A12A /* up02.png */ = {isa = PBXFileReference; lastKnownFileType = image.png; path = up02.png; sourceTree = "<group>"; };
		B241B4121F792C6B00E9A12A /* up03.png */ = {isa = PBXFileReference; lastKnownFileType = image.png; path = up03.png; sourceTree = "<group>"; };
		B241B4131F792C6B00E9A12A /* up01.png */ = {isa = PBXFileReference; lastKnownFileType = image.png; path = up01.png; sourceTree = "<group>"; };
		B241B4171F792C7200E9A12A /* left01.png */ = {isa = PBXFileReference; lastKnownFileType = image.png; path = left01.png; sourceTree = "<group>"; };
		B241B4181F792C7200E9A12A /* left02.png */ = {isa = PBXFileReference; lastKnownFileType = image.png; path = left02.png; sourceTree = "<group>"; };
		B241B4191F792C7200E9A12A /* left03.png */ = {isa = PBXFileReference; lastKnownFileType = image.png; path = left03.png; sourceTree = "<group>"; };
		B241B41D1F792C7F00E9A12A /* right02.png */ = {isa = PBXFileReference; lastKnownFileType = image.png; path = right02.png; sourceTree = "<group>"; };
		B241B41E1F792C7F00E9A12A /* right03.png */ = {isa = PBXFileReference; lastKnownFileType = image.png; path = right03.png; sourceTree = "<group>"; };
		B241B41F1F792C7F00E9A12A /* right01.png */ = {isa = PBXFileReference; lastKnownFileType = image.png; path = right01.png; sourceTree = "<group>"; };
		B241B4231F792C8600E9A12A /* down01.png */ = {isa = PBXFileReference; lastKnownFileType = image.png; path = down01.png; sourceTree = "<group>"; };
		B241B4241F792C8600E9A12A /* down02.png */ = {isa = PBXFileReference; lastKnownFileType = image.png; path = down02.png; sourceTree = "<group>"; };
		B25214311F78F54A005F8DB8 /* CircularTransition.swift */ = {isa = PBXFileReference; fileEncoding = 4; lastKnownFileType = sourcecode.swift; path = CircularTransition.swift; sourceTree = "<group>"; };
		B252B0461F73CA21009339AE /* right33.png */ = {isa = PBXFileReference; lastKnownFileType = image.png; path = right33.png; sourceTree = "<group>"; };
		B252B0471F73CA21009339AE /* right32.png */ = {isa = PBXFileReference; lastKnownFileType = image.png; path = right32.png; sourceTree = "<group>"; };
		B252B0481F73CA21009339AE /* right31.png */ = {isa = PBXFileReference; lastKnownFileType = image.png; path = right31.png; sourceTree = "<group>"; };
		B252B0491F73CA21009339AE /* up31.png */ = {isa = PBXFileReference; lastKnownFileType = image.png; path = up31.png; sourceTree = "<group>"; };
		B252B04A1F73CA21009339AE /* up32.png */ = {isa = PBXFileReference; lastKnownFileType = image.png; path = up32.png; sourceTree = "<group>"; };
		B252B04B1F73CA21009339AE /* up33.png */ = {isa = PBXFileReference; lastKnownFileType = image.png; path = up33.png; sourceTree = "<group>"; };
		B252B04C1F73CA21009339AE /* left31.png */ = {isa = PBXFileReference; lastKnownFileType = image.png; path = left31.png; sourceTree = "<group>"; };
		B252B04D1F73CA21009339AE /* left32.png */ = {isa = PBXFileReference; lastKnownFileType = image.png; path = left32.png; sourceTree = "<group>"; };
		B252B04E1F73CA21009339AE /* left33.png */ = {isa = PBXFileReference; lastKnownFileType = image.png; path = left33.png; sourceTree = "<group>"; };
		B252B04F1F73CA21009339AE /* down31.png */ = {isa = PBXFileReference; lastKnownFileType = image.png; path = down31.png; sourceTree = "<group>"; };
		B252B0501F73CA21009339AE /* down32.png */ = {isa = PBXFileReference; lastKnownFileType = image.png; path = down32.png; sourceTree = "<group>"; };
		B252B05C1F73D068009339AE /* Explosions.swift */ = {isa = PBXFileReference; fileEncoding = 4; lastKnownFileType = sourcecode.swift; path = Explosions.swift; sourceTree = "<group>"; };
		B252B05E1F73D23E009339AE /* Movement.swift */ = {isa = PBXFileReference; fileEncoding = 4; lastKnownFileType = sourcecode.swift; path = Movement.swift; sourceTree = "<group>"; };
		B252B0601F73ED49009339AE /* down41.png */ = {isa = PBXFileReference; lastKnownFileType = image.png; path = down41.png; sourceTree = "<group>"; };
		B252B0611F73ED49009339AE /* down42.png */ = {isa = PBXFileReference; lastKnownFileType = image.png; path = down42.png; sourceTree = "<group>"; };
		B252B0621F73ED49009339AE /* right41.png */ = {isa = PBXFileReference; lastKnownFileType = image.png; path = right41.png; sourceTree = "<group>"; };
		B252B0631F73ED49009339AE /* right42.png */ = {isa = PBXFileReference; lastKnownFileType = image.png; path = right42.png; sourceTree = "<group>"; };
		B252B0641F73ED49009339AE /* right43.png */ = {isa = PBXFileReference; lastKnownFileType = image.png; path = right43.png; sourceTree = "<group>"; };
		B252B0651F73ED49009339AE /* up41.png */ = {isa = PBXFileReference; lastKnownFileType = image.png; path = up41.png; sourceTree = "<group>"; };
		B252B0661F73ED49009339AE /* up42.png */ = {isa = PBXFileReference; lastKnownFileType = image.png; path = up42.png; sourceTree = "<group>"; };
		B252B0671F73ED49009339AE /* up43.png */ = {isa = PBXFileReference; lastKnownFileType = image.png; path = up43.png; sourceTree = "<group>"; };
		B252B0681F73ED49009339AE /* left41.png */ = {isa = PBXFileReference; lastKnownFileType = image.png; path = left41.png; sourceTree = "<group>"; };
		B252B0691F73ED49009339AE /* left42.png */ = {isa = PBXFileReference; lastKnownFileType = image.png; path = left42.png; sourceTree = "<group>"; };
		B252B06A1F73ED49009339AE /* left43.png */ = {isa = PBXFileReference; lastKnownFileType = image.png; path = left43.png; sourceTree = "<group>"; };
		B25B4DD71F6FAB1200639F27 /* boxExplosion6.png */ = {isa = PBXFileReference; lastKnownFileType = image.png; path = boxExplosion6.png; sourceTree = "<group>"; };
		B25B4DD81F6FAB1200639F27 /* boxExplosion4.png */ = {isa = PBXFileReference; lastKnownFileType = image.png; path = boxExplosion4.png; sourceTree = "<group>"; };
		B25B4DD91F6FAB1200639F27 /* boxExplosion1.png */ = {isa = PBXFileReference; lastKnownFileType = image.png; path = boxExplosion1.png; sourceTree = "<group>"; };
		B25B4DDA1F6FAB1200639F27 /* boxExplosion3.png */ = {isa = PBXFileReference; lastKnownFileType = image.png; path = boxExplosion3.png; sourceTree = "<group>"; };
		B25B4DDB1F6FAB1200639F27 /* boxExplosion5.png */ = {isa = PBXFileReference; lastKnownFileType = image.png; path = boxExplosion5.png; sourceTree = "<group>"; };
		B25B4DDC1F6FAB1200639F27 /* boxExplosion2.png */ = {isa = PBXFileReference; lastKnownFileType = image.png; path = boxExplosion2.png; sourceTree = "<group>"; };
		B273A63F1F729CFA003CA8E7 /* up12.png */ = {isa = PBXFileReference; lastKnownFileType = image.png; path = up12.png; sourceTree = "<group>"; };
		B273A6401F729CFA003CA8E7 /* up13.png */ = {isa = PBXFileReference; lastKnownFileType = image.png; path = up13.png; sourceTree = "<group>"; };
		B273A6411F729CFA003CA8E7 /* right11.png */ = {isa = PBXFileReference; lastKnownFileType = image.png; path = right11.png; sourceTree = "<group>"; };
		B273A6421F729CFA003CA8E7 /* right12.png */ = {isa = PBXFileReference; lastKnownFileType = image.png; path = right12.png; sourceTree = "<group>"; };
		B273A6431F729CFA003CA8E7 /* right13.png */ = {isa = PBXFileReference; lastKnownFileType = image.png; path = right13.png; sourceTree = "<group>"; };
		B273A6441F729CFA003CA8E7 /* up11.png */ = {isa = PBXFileReference; lastKnownFileType = image.png; path = up11.png; sourceTree = "<group>"; };
		B273A6451F729CFA003CA8E7 /* left11.png */ = {isa = PBXFileReference; lastKnownFileType = image.png; path = left11.png; sourceTree = "<group>"; };
		B273A6461F729CFA003CA8E7 /* left12.png */ = {isa = PBXFileReference; lastKnownFileType = image.png; path = left12.png; sourceTree = "<group>"; };
		B273A6471F729CFA003CA8E7 /* left13.png */ = {isa = PBXFileReference; lastKnownFileType = image.png; path = left13.png; sourceTree = "<group>"; };
		B273A6481F729CFA003CA8E7 /* down11.png */ = {isa = PBXFileReference; lastKnownFileType = image.png; path = down11.png; sourceTree = "<group>"; };
		B273A6491F729CFA003CA8E7 /* down12.png */ = {isa = PBXFileReference; lastKnownFileType = image.png; path = down12.png; sourceTree = "<group>"; };
		B273A6551F729F1F003CA8E7 /* down21.png */ = {isa = PBXFileReference; lastKnownFileType = image.png; path = down21.png; sourceTree = "<group>"; };
		B273A6561F729F1F003CA8E7 /* down22.png */ = {isa = PBXFileReference; lastKnownFileType = image.png; path = down22.png; sourceTree = "<group>"; };
		B273A6571F729F1F003CA8E7 /* left21.png */ = {isa = PBXFileReference; lastKnownFileType = image.png; path = left21.png; sourceTree = "<group>"; };
		B273A6581F729F1F003CA8E7 /* left22.png */ = {isa = PBXFileReference; lastKnownFileType = image.png; path = left22.png; sourceTree = "<group>"; };
		B273A6591F729F1F003CA8E7 /* left23.png */ = {isa = PBXFileReference; lastKnownFileType = image.png; path = left23.png; sourceTree = "<group>"; };
		B273A65A1F729F1F003CA8E7 /* right21.png */ = {isa = PBXFileReference; lastKnownFileType = image.png; path = right21.png; sourceTree = "<group>"; };
		B273A65B1F729F1F003CA8E7 /* right22.png */ = {isa = PBXFileReference; lastKnownFileType = image.png; path = right22.png; sourceTree = "<group>"; };
		B273A65C1F729F1F003CA8E7 /* right23.png */ = {isa = PBXFileReference; lastKnownFileType = image.png; path = right23.png; sourceTree = "<group>"; };
		B273A65D1F729F1F003CA8E7 /* up21.png */ = {isa = PBXFileReference; lastKnownFileType = image.png; path = up21.png; sourceTree = "<group>"; };
		B273A65E1F729F1F003CA8E7 /* up22.png */ = {isa = PBXFileReference; lastKnownFileType = image.png; path = up22.png; sourceTree = "<group>"; };
		B273A65F1F729F1F003CA8E7 /* up23.png */ = {isa = PBXFileReference; lastKnownFileType = image.png; path = up23.png; sourceTree = "<group>"; };
		B2AD98C91F7A411C007C858A /* TilesFactory.swift */ = {isa = PBXFileReference; fileEncoding = 4; lastKnownFileType = sourcecode.swift; path = TilesFactory.swift; sourceTree = "<group>"; };
		B2AD98CB1F7A8FF4007C858A /* win11.png */ = {isa = PBXFileReference; lastKnownFileType = image.png; path = win11.png; sourceTree = "<group>"; };
		B2AD98CC1F7A8FF4007C858A /* win12.png */ = {isa = PBXFileReference; lastKnownFileType = image.png; path = win12.png; sourceTree = "<group>"; };
		B2AD98CD1F7A8FF4007C858A /* win13.png */ = {isa = PBXFileReference; lastKnownFileType = image.png; path = win13.png; sourceTree = "<group>"; };
		E77C3CD21F59889200DE1CE1 /* death1.png */ = {isa = PBXFileReference; lastKnownFileType = image.png; path = death1.png; sourceTree = "<group>"; };
		E77C3CD31F59889200DE1CE1 /* death2.png */ = {isa = PBXFileReference; lastKnownFileType = image.png; path = death2.png; sourceTree = "<group>"; };
		E77C3CD41F59889200DE1CE1 /* death3.png */ = {isa = PBXFileReference; lastKnownFileType = image.png; path = death3.png; sourceTree = "<group>"; };
		E77C3CD51F59889200DE1CE1 /* death4.png */ = {isa = PBXFileReference; lastKnownFileType = image.png; path = death4.png; sourceTree = "<group>"; };
		E77C3CD61F59889200DE1CE1 /* death5.png */ = {isa = PBXFileReference; lastKnownFileType = image.png; path = death5.png; sourceTree = "<group>"; };
		E77C3CD71F59889200DE1CE1 /* death6.png */ = {isa = PBXFileReference; lastKnownFileType = image.png; path = death6.png; sourceTree = "<group>"; };
		E77C3CD81F59889200DE1CE1 /* death7.png */ = {isa = PBXFileReference; lastKnownFileType = image.png; path = death7.png; sourceTree = "<group>"; };
		E77C3CD91F59889200DE1CE1 /* death8.png */ = {isa = PBXFileReference; lastKnownFileType = image.png; path = death8.png; sourceTree = "<group>"; };
		E7C191531F5EE69A00C1497F /* powerupgrade.png */ = {isa = PBXFileReference; lastKnownFileType = image.png; path = powerupgrade.png; sourceTree = "<group>"; };
		E7C191551F5EE6A400C1497F /* bombupgrade.png */ = {isa = PBXFileReference; lastKnownFileType = image.png; path = bombupgrade.png; sourceTree = "<group>"; };
		E7C5B82C1F6FDC4800EBB160 /* Brain+Multiplayer.swift */ = {isa = PBXFileReference; fileEncoding = 4; lastKnownFileType = sourcecode.swift; path = "Brain+Multiplayer.swift"; sourceTree = "<group>"; };
/* End PBXFileReference section */

/* Begin PBXFrameworksBuildPhase section */
		A95FC5131F502C7500E1F926 /* Frameworks */ = {
			isa = PBXFrameworksBuildPhase;
			buildActionMask = 2147483647;
			files = (
			);
			runOnlyForDeploymentPostprocessing = 0;
		};
/* End PBXFrameworksBuildPhase section */

/* Begin PBXGroup section */
		0EAB50271F73AEC100A94F4B /* Single game */ = {
			isa = PBXGroup;
			children = (
				A94BDEAE1F5AFD450085E073 /* SingleplayerDetailsController.swift */,
				A98005211F6C1DCC0098636B /* SingeDetailsController+GameTimerProtocol.swift */,
			);
			name = "Single game";
			sourceTree = "<group>";
		};
		1546583C1F56C49400DB0184 /* MultiPlayer */ = {
			isa = PBXGroup;
			children = (
				A94BDEB71F5AFD570085E073 /* MultiPlayerGame.swift */,
				A92AA4351F5E901D0025EFB6 /* EventPopOverController.swift */,
			);
			name = MultiPlayer;
			path = MultiPlayerCreation;
			sourceTree = "<group>";
		};
		154658411F56C98400DB0184 /* Connection */ = {
			isa = PBXGroup;
			children = (
				A94BDEA31F5AFCE80085E073 /* ConnectionService.swift */,
				61EFD3CB1F78E75500C9ED2D /* ConnectionStructs.swift */,
				6127F57E1F6BF27300108E45 /* EventParser.swift */,
			);
			path = Connection;
			sourceTree = "<group>";
		};
		2023B3B81F55ECCD00B6F993 /* Extensions */ = {
			isa = PBXGroup;
			children = (
				A92AA4371F5ED2530025EFB6 /* TimeInterval+ToString.swift */,
				A94BDECF1F5B01CE0085E073 /* Date+SinceDate.swift */,
			);
			path = Extensions;
			sourceTree = "<group>";
		};
		61475F231F51C92500B68DAA /* Brain */ = {
			isa = PBXGroup;
			children = (
				A94BDEC91F5B013C0085E073 /* Brain.swift */,
				616460721F61840400402452 /* Brain+Explosion.swift */,
				6164606E1F6182F100402452 /* Brain+MobLogic.swift */,
				616460701F61830E00402452 /* Brain+PlayerLogic.swift */,
				E7C5B82C1F6FDC4800EBB160 /* Brain+Multiplayer.swift */,
				A99006E21F62C8180031248E /* Brain+Timers.swift */,
				A94BDECA1F5B013C0085E073 /* Levels.swift */,
				A94BDECB1F5B013C0085E073 /* Structs.swift */,
			);
			path = Brain;
			sourceTree = "<group>";
		};
		616E603A1F5038CE000B4A01 /* Storyboards */ = {
			isa = PBXGroup;
			children = (
				A95FC5251F502C7500E1F926 /* LaunchScreen.storyboard */,
				A95BCE7A1F5427CE0021B1E7 /* Rating.storyboard */,
				A95FC51D1F502C7500E1F926 /* Main.storyboard */,
				A9443F2E1F75238600B61826 /* Settings.storyboard */,
				A95BCE771F5427570021B1E7 /* Game.storyboard */,
				A908D08E1F56B1A40097CF51 /* CreationGame.storyboard */,
			);
			name = Storyboards;
			sourceTree = "<group>";
		};
		A92AA4301F5E89F90025EFB6 /* EventPopOverView */ = {
			isa = PBXGroup;
			children = (
				A92AA4311F5E8A2C0025EFB6 /* EventPopOverView.xib */,
				A92AA4331F5E8D250025EFB6 /* EventPopOverView.swift */,
			);
			path = EventPopOverView;
			sourceTree = "<group>";
		};
		A92AA4391F5EDD0E0025EFB6 /* WinView */ = {
			isa = PBXGroup;
			children = (
				A92AA43A1F5EDD210025EFB6 /* WinView.xib */,
				A92AA43C1F5EE1080025EFB6 /* WinView.swift */,
			);
			name = WinView;
			sourceTree = "<group>";
		};
		A93D442A1F5D38A0008B4A10 /* PhoneView */ = {
			isa = PBXGroup;
			children = (
				A93D442B1F5D38CB008B4A10 /* PhoneView.swift */,
				A93D442C1F5D38CB008B4A10 /* PhoneView.xib */,
			);
			name = PhoneView;
			path = phoneView;
			sourceTree = "<group>";
		};
		A9443F311F7523AA00B61826 /* Settings */ = {
			isa = PBXGroup;
			children = (
				A9443F321F7523C800B61826 /* SettingsController.swift */,
				15478A631F753243000C5314 /* SettingsModel.swift */,
			);
			path = Settings;
			sourceTree = "<group>";
		};
		A95BCE701F5421BD0021B1E7 /* CustomTiles */ = {
			isa = PBXGroup;
			children = (
				A9E460AC1F5AE32F0091266C /* BoxView.swift */,
				A9E460AD1F5AE32F0091266C /* WallView.swift */,
			);
			path = CustomTiles;
			sourceTree = "<group>";
		};
		A95BCE7F1F5427FC0021B1E7 /* Classes */ = {
			isa = PBXGroup;
			children = (
				A9443F311F7523AA00B61826 /* Settings */,
				154658411F56C98400DB0184 /* Connection */,
				A95BCE841F5428DB0021B1E7 /* Rating */,
				A95BCE801F54280E0021B1E7 /* Game */,
				1546583C1F56C49400DB0184 /* MultiPlayer */,
				A95BCE871F5429B60021B1E7 /* Menu */,
			);
			path = Classes;
			sourceTree = "<group>";
		};
		A95BCE801F54280E0021B1E7 /* Game */ = {
			isa = PBXGroup;
			children = (
				0EAB50271F73AEC100A94F4B /* Single game */,
				A94BDEB11F5AFD450085E073 /* GameMapController.swift */,
				B2AD98C91F7A411C007C858A /* TilesFactory.swift */,
				B252B05C1F73D068009339AE /* Explosions.swift */,
				B252B05E1F73D23E009339AE /* Movement.swift */,
				A94BDEB01F5AFD450085E073 /* GameLayoutController.swift */,
				A980051F1F6C1B970098636B /* GameLayoutController+RuntimeView.swift */,
				A94BDEAD1F5AFD450085E073 /* ControlPanelController.swift */,
				A9381B901F6BD1BB007D5FE2 /* MultiplayerDetailsController.swift */,
				A98005231F6C1E3C0098636B /* Protocols.swift */,
				A9C763421F75835D00FC8442 /* GameLayoutGame+Alerts.swift */,
			);
			path = Game;
			sourceTree = "<group>";
		};
		A95BCE841F5428DB0021B1E7 /* Rating */ = {
			isa = PBXGroup;
			children = (
				A94BDEBD1F5AFDA40085E073 /* UserScore.swift */,
				A94BDEA61F5AFD150085E073 /* ScoresManager.swift */,
				A94BDEA51F5AFD150085E073 /* RatingController.swift */,
				A94BDEA81F5AFD150085E073 /* TopTenController.swift */,
				A94BDEA71F5AFD150085E073 /* TopTenCell.swift */,
			);
			path = Rating;
			sourceTree = "<group>";
		};
		A95BCE871F5429B60021B1E7 /* Menu */ = {
			isa = PBXGroup;
			children = (
				A94BDEB91F5AFD6C0085E073 /* MenuController.swift */,
				B25214311F78F54A005F8DB8 /* CircularTransition.swift */,
			);
			path = Menu;
			sourceTree = "<group>";
		};
		A95FC50D1F502C7500E1F926 = {
			isa = PBXGroup;
			children = (
				A95FC5181F502C7500E1F926 /* BomberMan */,
				A95FC5171F502C7500E1F926 /* Products */,
			);
			sourceTree = "<group>";
		};
		A95FC5171F502C7500E1F926 /* Products */ = {
			isa = PBXGroup;
			children = (
				A95FC5161F502C7500E1F926 /* BomberMan.app */,
			);
			name = Products;
			sourceTree = "<group>";
		};
		A95FC5181F502C7500E1F926 /* BomberMan */ = {
			isa = PBXGroup;
			children = (
				A95FC5191F502C7500E1F926 /* AppDelegate.swift */,
				A95FC5231F502C7500E1F926 /* Assets.xcassets */,
				A95FC5281F502C7500E1F926 /* Info.plist */,
				616E603A1F5038CE000B4A01 /* Storyboards */,
				A95BCE701F5421BD0021B1E7 /* CustomTiles */,
				A9E45FE21F596A230091266C /* Xib files */,
				2023B3B81F55ECCD00B6F993 /* Extensions */,
				A95BCE7F1F5427FC0021B1E7 /* Classes */,
				E73B03EC1F572BAF008C0FC2 /* Images */,
				A987D19B1F56EFDF00CCF677 /* Music */,
				61475F231F51C92500B68DAA /* Brain */,
			);
			path = BomberMan;
			sourceTree = "<group>";
		};
		A987D19B1F56EFDF00CCF677 /* Music */ = {
			isa = PBXGroup;
			children = (
				A94BDED11F5B0F940085E073 /* SoundManager.swift */,
				A9E460EF1F5AE6E90091266C /* opening.mp3 */,
			);
			path = Music;
			sourceTree = "<group>";
		};
		A9E45FE21F596A230091266C /* Xib files */ = {
			isa = PBXGroup;
			children = (
				A92AA4391F5EDD0E0025EFB6 /* WinView */,
				A92AA4301F5E89F90025EFB6 /* EventPopOverView */,
				A93D442A1F5D38A0008B4A10 /* PhoneView */,
				A9E460551F5ADCF70091266C /* ControlPanelView */,
				A9E460501F5ADCC70091266C /* MultiDetailsView */,
				A9E4604B1F5ADC850091266C /* MoveToNextLevelView */,
				A9E460461F5ADC280091266C /* SingleDetailsView */,
				A9E4603D1F5ADB8D0091266C /* GameOverView */,
				A9E460381F5ADB4A0091266C /* PauseView */,
			);
			name = "Xib files";
			path = "xib files";
			sourceTree = "<group>";
		};
		A9E460381F5ADB4A0091266C /* PauseView */ = {
			isa = PBXGroup;
			children = (
				A9E460421F5ADC1F0091266C /* PauseView.swift */,
				A9E460431F5ADC1F0091266C /* PauseView.xib */,
			);
			name = PauseView;
			path = pauseView;
			sourceTree = "<group>";
		};
		A9E4603D1F5ADB8D0091266C /* GameOverView */ = {
			isa = PBXGroup;
			children = (
				A9E4603E1F5ADC040091266C /* GameOverView.swift */,
				A9E4603F1F5ADC040091266C /* GameOverView.xib */,
			);
			name = GameOverView;
			path = gameOverView;
			sourceTree = "<group>";
		};
		A9E460461F5ADC280091266C /* SingleDetailsView */ = {
			isa = PBXGroup;
			children = (
				A9E460471F5ADC5F0091266C /* SingleDetailsView.swift */,
				A9E460481F5ADC5F0091266C /* SingleDetailsView.xib */,
			);
			name = SingleDetailsView;
			path = singleDetailsView;
			sourceTree = "<group>";
		};
		A9E4604B1F5ADC850091266C /* MoveToNextLevelView */ = {
			isa = PBXGroup;
			children = (
				A9E4604C1F5ADC9E0091266C /* MoveToNextLevelView.swift */,
				A9E4604D1F5ADC9E0091266C /* MoveToNextLevelView.xib */,
			);
			name = MoveToNextLevelView;
			path = moveToNextLevelView;
			sourceTree = "<group>";
		};
		A9E460501F5ADCC70091266C /* MultiDetailsView */ = {
			isa = PBXGroup;
			children = (
				A9E460511F5ADCE00091266C /* MultiDetailsView.swift */,
				A9E460521F5ADCE00091266C /* MultiDetailsView.xib */,
			);
			name = MultiDetailsView;
			path = multiDetailsView;
			sourceTree = "<group>";
		};
		A9E460551F5ADCF70091266C /* ControlPanelView */ = {
			isa = PBXGroup;
			children = (
				A9E460561F5ADD0E0091266C /* ControlPanelView.swift */,
				A9E460571F5ADD0E0091266C /* ControlPanelView.xib */,
			);
			name = ControlPanelView;
			path = controlPanelView;
			sourceTree = "<group>";
		};
		A9E4605A1F5ADE600091266C /* playerSprite */ = {
			isa = PBXGroup;
			children = (
				B273A63F1F729CFA003CA8E7 /* up12.png */,
				B273A6401F729CFA003CA8E7 /* up13.png */,
				B273A6411F729CFA003CA8E7 /* right11.png */,
				B273A6421F729CFA003CA8E7 /* right12.png */,
				B273A6431F729CFA003CA8E7 /* right13.png */,
				B273A6441F729CFA003CA8E7 /* up11.png */,
				B273A6451F729CFA003CA8E7 /* left11.png */,
				B273A6461F729CFA003CA8E7 /* left12.png */,
				B273A6471F729CFA003CA8E7 /* left13.png */,
				B273A6481F729CFA003CA8E7 /* down11.png */,
				B273A6491F729CFA003CA8E7 /* down12.png */,
				B273A6551F729F1F003CA8E7 /* down21.png */,
				B273A6561F729F1F003CA8E7 /* down22.png */,
				B273A6571F729F1F003CA8E7 /* left21.png */,
				B273A6581F729F1F003CA8E7 /* left22.png */,
				B273A6591F729F1F003CA8E7 /* left23.png */,
				B273A65A1F729F1F003CA8E7 /* right21.png */,
				B273A65B1F729F1F003CA8E7 /* right22.png */,
				B273A65C1F729F1F003CA8E7 /* right23.png */,
				B273A65D1F729F1F003CA8E7 /* up21.png */,
				B273A65E1F729F1F003CA8E7 /* up22.png */,
				B273A65F1F729F1F003CA8E7 /* up23.png */,
				B252B0461F73CA21009339AE /* right33.png */,
				B252B0471F73CA21009339AE /* right32.png */,
				B252B0481F73CA21009339AE /* right31.png */,
				B252B0491F73CA21009339AE /* up31.png */,
				B252B04A1F73CA21009339AE /* up32.png */,
				B252B04B1F73CA21009339AE /* up33.png */,
				B252B04C1F73CA21009339AE /* left31.png */,
				B252B04D1F73CA21009339AE /* left32.png */,
				B252B04E1F73CA21009339AE /* left33.png */,
				B252B04F1F73CA21009339AE /* down31.png */,
				B252B0501F73CA21009339AE /* down32.png */,
				B252B0601F73ED49009339AE /* down41.png */,
				B252B0611F73ED49009339AE /* down42.png */,
				B252B0621F73ED49009339AE /* right41.png */,
				B252B0631F73ED49009339AE /* right42.png */,
				B252B0641F73ED49009339AE /* right43.png */,
				B252B0651F73ED49009339AE /* up41.png */,
				B252B0661F73ED49009339AE /* up42.png */,
				B252B0671F73ED49009339AE /* up43.png */,
				B252B0681F73ED49009339AE /* left41.png */,
				B252B0691F73ED49009339AE /* left42.png */,
				B252B06A1F73ED49009339AE /* left43.png */,
				B241B4111F792C6B00E9A12A /* up02.png */,
				B241B4121F792C6B00E9A12A /* up03.png */,
				B241B4131F792C6B00E9A12A /* up01.png */,
				B241B4171F792C7200E9A12A /* left01.png */,
				B241B4181F792C7200E9A12A /* left02.png */,
				B241B4191F792C7200E9A12A /* left03.png */,
				B241B41D1F792C7F00E9A12A /* right02.png */,
				B241B41E1F792C7F00E9A12A /* right03.png */,
				B241B41F1F792C7F00E9A12A /* right01.png */,
				B241B4231F792C8600E9A12A /* down01.png */,
				B241B4241F792C8600E9A12A /* down02.png */,
				B2AD98CB1F7A8FF4007C858A /* win11.png */,
				B2AD98CC1F7A8FF4007C858A /* win12.png */,
				B2AD98CD1F7A8FF4007C858A /* win13.png */,
			);
			path = playerSprite;
			sourceTree = "<group>";
		};
		B25B4DE41F6FAB2F00639F27 /* boxExplosion */ = {
			isa = PBXGroup;
			children = (
				B25B4DD71F6FAB1200639F27 /* boxExplosion6.png */,
				B25B4DD81F6FAB1200639F27 /* boxExplosion4.png */,
				B25B4DD91F6FAB1200639F27 /* boxExplosion1.png */,
				B25B4DDA1F6FAB1200639F27 /* boxExplosion3.png */,
				B25B4DDB1F6FAB1200639F27 /* boxExplosion5.png */,
				B25B4DDC1F6FAB1200639F27 /* boxExplosion2.png */,
			);
			name = boxExplosion;
			sourceTree = "<group>";
		};
		E73B03EC1F572BAF008C0FC2 /* Images */ = {
			isa = PBXGroup;
			children = (
				B25B4DE41F6FAB2F00639F27 /* boxExplosion */,
				E7C191551F5EE6A400C1497F /* bombupgrade.png */,
				E7C191531F5EE69A00C1497F /* powerupgrade.png */,
				A9E4605A1F5ADE600091266C /* playerSprite */,
				E77C3CD11F59889200DE1CE1 /* death */,
			);
			name = Images;
			sourceTree = "<group>";
		};
		E77C3CD11F59889200DE1CE1 /* death */ = {
			isa = PBXGroup;
			children = (
				E77C3CD21F59889200DE1CE1 /* death1.png */,
				E77C3CD31F59889200DE1CE1 /* death2.png */,
				E77C3CD41F59889200DE1CE1 /* death3.png */,
				E77C3CD51F59889200DE1CE1 /* death4.png */,
				E77C3CD61F59889200DE1CE1 /* death5.png */,
				E77C3CD71F59889200DE1CE1 /* death6.png */,
				E77C3CD81F59889200DE1CE1 /* death7.png */,
				E77C3CD91F59889200DE1CE1 /* death8.png */,
			);
			path = death;
			sourceTree = "<group>";
		};
/* End PBXGroup section */

/* Begin PBXNativeTarget section */
		A95FC5151F502C7500E1F926 /* BomberMan */ = {
			isa = PBXNativeTarget;
			buildConfigurationList = A95FC5361F502C7500E1F926 /* Build configuration list for PBXNativeTarget "BomberMan" */;
			buildPhases = (
				A95FC5121F502C7500E1F926 /* Sources */,
				A95FC5131F502C7500E1F926 /* Frameworks */,
				A95FC5141F502C7500E1F926 /* Resources */,
			);
			buildRules = (
			);
			dependencies = (
			);
			name = BomberMan;
			productName = BomberMan;
			productReference = A95FC5161F502C7500E1F926 /* BomberMan.app */;
			productType = "com.apple.product-type.application";
		};
/* End PBXNativeTarget section */

/* Begin PBXProject section */
		A95FC50E1F502C7500E1F926 /* Project object */ = {
			isa = PBXProject;
			attributes = {
				LastSwiftUpdateCheck = 0830;
				LastUpgradeCheck = 0900;
				ORGANIZATIONNAME = "Lv-249 iOS";
				TargetAttributes = {
					A95FC5151F502C7500E1F926 = {
						CreatedOnToolsVersion = 8.3.3;
						DevelopmentTeam = 2U8WSM4T5B;
						ProvisioningStyle = Automatic;
					};
				};
			};
			buildConfigurationList = A95FC5111F502C7500E1F926 /* Build configuration list for PBXProject "BomberMan" */;
			compatibilityVersion = "Xcode 3.2";
			developmentRegion = English;
			hasScannedForEncodings = 0;
			knownRegions = (
				en,
				Base,
			);
			mainGroup = A95FC50D1F502C7500E1F926;
			productRefGroup = A95FC5171F502C7500E1F926 /* Products */;
			projectDirPath = "";
			projectRoot = "";
			targets = (
				A95FC5151F502C7500E1F926 /* BomberMan */,
			);
		};
/* End PBXProject section */

/* Begin PBXResourcesBuildPhase section */
		A95FC5141F502C7500E1F926 /* Resources */ = {
			isa = PBXResourcesBuildPhase;
			buildActionMask = 2147483647;
			files = (
				B252B0591F73CA21009339AE /* left33.png in Resources */,
				B241B4161F792C6B00E9A12A /* up01.png in Resources */,
				B252B06D1F73ED49009339AE /* right41.png in Resources */,
				E7C191541F5EE69A00C1497F /* powerupgrade.png in Resources */,
				B273A6521F729CFA003CA8E7 /* left13.png in Resources */,
				A95BCE791F5427570021B1E7 /* Game.storyboard in Resources */,
				A9E460451F5ADC1F0091266C /* PauseView.xib in Resources */,
				B273A64D1F729CFA003CA8E7 /* right12.png in Resources */,
				E77C3CDC1F59889200DE1CE1 /* death3.png in Resources */,
				B25B4DDD1F6FAB1200639F27 /* boxExplosion6.png in Resources */,
				A9E460F01F5AE6E90091266C /* opening.mp3 in Resources */,
				A9E460411F5ADC040091266C /* GameOverView.xib in Resources */,
				B252B0581F73CA21009339AE /* left32.png in Resources */,
				B273A6631F729F1F003CA8E7 /* left22.png in Resources */,
				A9443F301F75238600B61826 /* Settings.storyboard in Resources */,
				B2AD98CE1F7A8FF4007C858A /* win11.png in Resources */,
				B273A6541F729CFA003CA8E7 /* down12.png in Resources */,
				A95FC5271F502C7500E1F926 /* LaunchScreen.storyboard in Resources */,
				B252B0721F73ED49009339AE /* up43.png in Resources */,
				B241B4201F792C7F00E9A12A /* right02.png in Resources */,
				B252B0511F73CA21009339AE /* right33.png in Resources */,
				B241B4151F792C6B00E9A12A /* up03.png in Resources */,
				A95FC5241F502C7500E1F926 /* Assets.xcassets in Resources */,
				A908D0901F56B1A40097CF51 /* CreationGame.storyboard in Resources */,
				B241B4261F792C8600E9A12A /* down02.png in Resources */,
				B252B0751F73ED49009339AE /* left43.png in Resources */,
				B273A6511F729CFA003CA8E7 /* left12.png in Resources */,
				A92AA43B1F5EDD210025EFB6 /* WinView.xib in Resources */,
				B252B05B1F73CA21009339AE /* down32.png in Resources */,
				B273A64F1F729CFA003CA8E7 /* up11.png in Resources */,
				E77C3CDA1F59889200DE1CE1 /* death1.png in Resources */,
				B2AD98CF1F7A8FF4007C858A /* win12.png in Resources */,
				B241B4141F792C6B00E9A12A /* up02.png in Resources */,
				A9E4604A1F5ADC5F0091266C /* SingleDetailsView.xib in Resources */,
				B25B4DDE1F6FAB1200639F27 /* boxExplosion4.png in Resources */,
				B252B06F1F73ED49009339AE /* right43.png in Resources */,
				B241B41A1F792C7200E9A12A /* left01.png in Resources */,
				B273A6661F729F1F003CA8E7 /* right22.png in Resources */,
				B252B06C1F73ED49009339AE /* down42.png in Resources */,
				B241B41C1F792C7200E9A12A /* left03.png in Resources */,
				B273A6611F729F1F003CA8E7 /* down22.png in Resources */,
				B241B4211F792C7F00E9A12A /* right03.png in Resources */,
				B241B4221F792C7F00E9A12A /* right01.png in Resources */,
				B252B05A1F73CA21009339AE /* down31.png in Resources */,
				A93D442E1F5D38CB008B4A10 /* PhoneView.xib in Resources */,
				B25B4DE11F6FAB1200639F27 /* boxExplosion5.png in Resources */,
				B273A64B1F729CFA003CA8E7 /* up13.png in Resources */,
				B252B0701F73ED49009339AE /* up41.png in Resources */,
				B252B0561F73CA21009339AE /* up33.png in Resources */,
				B241B41B1F792C7200E9A12A /* left02.png in Resources */,
				B273A6651F729F1F003CA8E7 /* right21.png in Resources */,
				B273A6621F729F1F003CA8E7 /* left21.png in Resources */,
				A92AA4321F5E8A2C0025EFB6 /* EventPopOverView.xib in Resources */,
				B252B0711F73ED49009339AE /* up42.png in Resources */,
				B241B4251F792C8600E9A12A /* down01.png in Resources */,
				B252B0571F73CA21009339AE /* left31.png in Resources */,
				A9E460591F5ADD0E0091266C /* ControlPanelView.xib in Resources */,
				B273A66A1F729F1F003CA8E7 /* up23.png in Resources */,
				E77C3CDB1F59889200DE1CE1 /* death2.png in Resources */,
				E77C3CDE1F59889200DE1CE1 /* death5.png in Resources */,
				B273A6641F729F1F003CA8E7 /* left23.png in Resources */,
				E77C3CE01F59889200DE1CE1 /* death7.png in Resources */,
				B252B0731F73ED49009339AE /* left41.png in Resources */,
				B273A6501F729CFA003CA8E7 /* left11.png in Resources */,
				A9E4604F1F5ADC9E0091266C /* MoveToNextLevelView.xib in Resources */,
				B273A64C1F729CFA003CA8E7 /* right11.png in Resources */,
				B273A6671F729F1F003CA8E7 /* right23.png in Resources */,
				E77C3CDD1F59889200DE1CE1 /* death4.png in Resources */,
				B252B0541F73CA21009339AE /* up31.png in Resources */,
				B252B0551F73CA21009339AE /* up32.png in Resources */,
				A9E460541F5ADCE00091266C /* MultiDetailsView.xib in Resources */,
				B252B0741F73ED49009339AE /* left42.png in Resources */,
				B273A6601F729F1F003CA8E7 /* down21.png in Resources */,
				B2AD98D01F7A8FF4007C858A /* win13.png in Resources */,
				B273A6531F729CFA003CA8E7 /* down11.png in Resources */,
				B273A64E1F729CFA003CA8E7 /* right13.png in Resources */,
				B252B06E1F73ED49009339AE /* right42.png in Resources */,
				A95FC51F1F502C7500E1F926 /* Main.storyboard in Resources */,
				B252B0531F73CA21009339AE /* right31.png in Resources */,
				B273A6681F729F1F003CA8E7 /* up21.png in Resources */,
				E77C3CDF1F59889200DE1CE1 /* death6.png in Resources */,
				E7C191561F5EE6A400C1497F /* bombupgrade.png in Resources */,
				E77C3CE11F59889200DE1CE1 /* death8.png in Resources */,
				B252B06B1F73ED49009339AE /* down41.png in Resources */,
				B252B0521F73CA21009339AE /* right32.png in Resources */,
				B25B4DE21F6FAB1200639F27 /* boxExplosion2.png in Resources */,
				B273A64A1F729CFA003CA8E7 /* up12.png in Resources */,
				A95BCE7C1F5427CE0021B1E7 /* Rating.storyboard in Resources */,
				B25B4DDF1F6FAB1200639F27 /* boxExplosion1.png in Resources */,
				B25B4DE01F6FAB1200639F27 /* boxExplosion3.png in Resources */,
				B273A6691F729F1F003CA8E7 /* up22.png in Resources */,
			);
			runOnlyForDeploymentPostprocessing = 0;
		};
/* End PBXResourcesBuildPhase section */

/* Begin PBXSourcesBuildPhase section */
		A95FC5121F502C7500E1F926 /* Sources */ = {
			isa = PBXSourcesBuildPhase;
			buildActionMask = 2147483647;
			files = (
				A94BDEBE1F5AFDA40085E073 /* UserScore.swift in Sources */,
				A9E4604E1F5ADC9E0091266C /* MoveToNextLevelView.swift in Sources */,
				A94BDECC1F5B013C0085E073 /* Brain.swift in Sources */,
				A9E460B01F5AE32F0091266C /* WallView.swift in Sources */,
				A94BDED21F5B0F940085E073 /* SoundManager.swift in Sources */,
				A92AA4341F5E8D250025EFB6 /* EventPopOverView.swift in Sources */,
				A93D442D1F5D38CB008B4A10 /* PhoneView.swift in Sources */,
				A9E460441F5ADC1F0091266C /* PauseView.swift in Sources */,
				A9E460491F5ADC5F0091266C /* SingleDetailsView.swift in Sources */,
				A94BDEA41F5AFCE80085E073 /* ConnectionService.swift in Sources */,
				A94BDECD1F5B013C0085E073 /* Levels.swift in Sources */,
				A94BDEB81F5AFD570085E073 /* MultiPlayerGame.swift in Sources */,
				A94BDEB31F5AFD450085E073 /* SingleplayerDetailsController.swift in Sources */,
				A94BDEAC1F5AFD150085E073 /* TopTenController.swift in Sources */,
				A94BDED01F5B01CE0085E073 /* Date+SinceDate.swift in Sources */,
				A98005241F6C1E3C0098636B /* Protocols.swift in Sources */,
				A9443F331F7523C800B61826 /* SettingsController.swift in Sources */,
				A9E460531F5ADCE00091266C /* MultiDetailsView.swift in Sources */,
				A94BDEA91F5AFD150085E073 /* RatingController.swift in Sources */,
				B25214321F78F54A005F8DB8 /* CircularTransition.swift in Sources */,
				A9E460581F5ADD0E0091266C /* ControlPanelView.swift in Sources */,
				6164606F1F6182F100402452 /* Brain+MobLogic.swift in Sources */,
				A94BDEAA1F5AFD150085E073 /* ScoresManager.swift in Sources */,
				A9E460401F5ADC040091266C /* GameOverView.swift in Sources */,
				A94BDEB51F5AFD450085E073 /* GameLayoutController.swift in Sources */,
				A92AA43D1F5EE1080025EFB6 /* WinView.swift in Sources */,
				616460711F61830E00402452 /* Brain+PlayerLogic.swift in Sources */,
				A94BDEB21F5AFD450085E073 /* ControlPanelController.swift in Sources */,
				A98005221F6C1DCC0098636B /* SingeDetailsController+GameTimerProtocol.swift in Sources */,
				B252B05F1F73D23E009339AE /* Movement.swift in Sources */,
				A99006E31F62C8180031248E /* Brain+Timers.swift in Sources */,
				A95FC51A1F502C7500E1F926 /* AppDelegate.swift in Sources */,
				6127F57F1F6BF27300108E45 /* EventParser.swift in Sources */,
				616460731F61840400402452 /* Brain+Explosion.swift in Sources */,
				B252B05D1F73D068009339AE /* Explosions.swift in Sources */,
				A92AA4361F5E901D0025EFB6 /* EventPopOverController.swift in Sources */,
				B2AD98CA1F7A411C007C858A /* TilesFactory.swift in Sources */,
				61EFD3CC1F78E75500C9ED2D /* ConnectionStructs.swift in Sources */,
				E7C5B82D1F6FDC4800EBB160 /* Brain+Multiplayer.swift in Sources */,
				A9C763431F75835D00FC8442 /* GameLayoutGame+Alerts.swift in Sources */,
				15478A641F753243000C5314 /* SettingsModel.swift in Sources */,
				A9E460AF1F5AE32F0091266C /* BoxView.swift in Sources */,
				A94BDECE1F5B013C0085E073 /* Structs.swift in Sources */,
				A94BDEB61F5AFD450085E073 /* GameMapController.swift in Sources */,
				A94BDEBB1F5AFD6C0085E073 /* MenuController.swift in Sources */,
				A94BDEAB1F5AFD150085E073 /* TopTenCell.swift in Sources */,
				A98005201F6C1B970098636B /* GameLayoutController+RuntimeView.swift in Sources */,
				A92AA4381F5ED2530025EFB6 /* TimeInterval+ToString.swift in Sources */,
				A9381B911F6BD1BB007D5FE2 /* MultiplayerDetailsController.swift in Sources */,
			);
			runOnlyForDeploymentPostprocessing = 0;
		};
/* End PBXSourcesBuildPhase section */

/* Begin PBXVariantGroup section */
		A908D08E1F56B1A40097CF51 /* CreationGame.storyboard */ = {
			isa = PBXVariantGroup;
			children = (
				A908D08F1F56B1A40097CF51 /* Base */,
			);
			name = CreationGame.storyboard;
			sourceTree = "<group>";
		};
		A9443F2E1F75238600B61826 /* Settings.storyboard */ = {
			isa = PBXVariantGroup;
			children = (
				A9443F2F1F75238600B61826 /* Base */,
			);
			name = Settings.storyboard;
			sourceTree = "<group>";
		};
		A95BCE771F5427570021B1E7 /* Game.storyboard */ = {
			isa = PBXVariantGroup;
			children = (
				A95BCE781F5427570021B1E7 /* Base */,
			);
			name = Game.storyboard;
			sourceTree = "<group>";
		};
		A95BCE7A1F5427CE0021B1E7 /* Rating.storyboard */ = {
			isa = PBXVariantGroup;
			children = (
				A95BCE7B1F5427CE0021B1E7 /* Base */,
			);
			name = Rating.storyboard;
			sourceTree = "<group>";
		};
		A95FC51D1F502C7500E1F926 /* Main.storyboard */ = {
			isa = PBXVariantGroup;
			children = (
				A95FC51E1F502C7500E1F926 /* Base */,
			);
			name = Main.storyboard;
			sourceTree = "<group>";
		};
		A95FC5251F502C7500E1F926 /* LaunchScreen.storyboard */ = {
			isa = PBXVariantGroup;
			children = (
				A95FC5261F502C7500E1F926 /* Base */,
			);
			name = LaunchScreen.storyboard;
			sourceTree = "<group>";
		};
/* End PBXVariantGroup section */

/* Begin XCBuildConfiguration section */
		A95FC5341F502C7500E1F926 /* Debug */ = {
			isa = XCBuildConfiguration;
			buildSettings = {
				ALWAYS_SEARCH_USER_PATHS = NO;
				CLANG_ANALYZER_NONNULL = YES;
				CLANG_ANALYZER_NUMBER_OBJECT_CONVERSION = YES_AGGRESSIVE;
				CLANG_CXX_LANGUAGE_STANDARD = "gnu++0x";
				CLANG_CXX_LIBRARY = "libc++";
				CLANG_ENABLE_MODULES = YES;
				CLANG_ENABLE_OBJC_ARC = YES;
				CLANG_WARN_BLOCK_CAPTURE_AUTORELEASING = YES;
				CLANG_WARN_BOOL_CONVERSION = YES;
				CLANG_WARN_COMMA = YES;
				CLANG_WARN_CONSTANT_CONVERSION = YES;
				CLANG_WARN_DIRECT_OBJC_ISA_USAGE = YES_ERROR;
				CLANG_WARN_DOCUMENTATION_COMMENTS = YES;
				CLANG_WARN_EMPTY_BODY = YES;
				CLANG_WARN_ENUM_CONVERSION = YES;
				CLANG_WARN_INFINITE_RECURSION = YES;
				CLANG_WARN_INT_CONVERSION = YES;
				CLANG_WARN_NON_LITERAL_NULL_CONVERSION = YES;
				CLANG_WARN_OBJC_LITERAL_CONVERSION = YES;
				CLANG_WARN_OBJC_ROOT_CLASS = YES_ERROR;
				CLANG_WARN_RANGE_LOOP_ANALYSIS = YES;
				CLANG_WARN_STRICT_PROTOTYPES = YES;
				CLANG_WARN_SUSPICIOUS_MOVE = YES;
				CLANG_WARN_UNREACHABLE_CODE = YES;
				CLANG_WARN__DUPLICATE_METHOD_MATCH = YES;
				"CODE_SIGN_IDENTITY[sdk=iphoneos*]" = "iPhone Developer";
				COPY_PHASE_STRIP = NO;
				DEBUG_INFORMATION_FORMAT = dwarf;
				ENABLE_STRICT_OBJC_MSGSEND = YES;
				ENABLE_TESTABILITY = YES;
				GCC_C_LANGUAGE_STANDARD = gnu99;
				GCC_DYNAMIC_NO_PIC = NO;
				GCC_NO_COMMON_BLOCKS = YES;
				GCC_OPTIMIZATION_LEVEL = 0;
				GCC_PREPROCESSOR_DEFINITIONS = (
					"DEBUG=1",
					"$(inherited)",
				);
				GCC_WARN_64_TO_32_BIT_CONVERSION = YES;
				GCC_WARN_ABOUT_RETURN_TYPE = YES_ERROR;
				GCC_WARN_UNDECLARED_SELECTOR = YES;
				GCC_WARN_UNINITIALIZED_AUTOS = YES_AGGRESSIVE;
				GCC_WARN_UNUSED_FUNCTION = YES;
				GCC_WARN_UNUSED_VARIABLE = YES;
				IPHONEOS_DEPLOYMENT_TARGET = 10.3;
				MTL_ENABLE_DEBUG_INFO = YES;
				ONLY_ACTIVE_ARCH = YES;
				SDKROOT = iphoneos;
				SWIFT_ACTIVE_COMPILATION_CONDITIONS = DEBUG;
				SWIFT_OPTIMIZATION_LEVEL = "-Onone";
				TARGETED_DEVICE_FAMILY = "1,2";
			};
			name = Debug;
		};
		A95FC5351F502C7500E1F926 /* Release */ = {
			isa = XCBuildConfiguration;
			buildSettings = {
				ALWAYS_SEARCH_USER_PATHS = NO;
				CLANG_ANALYZER_NONNULL = YES;
				CLANG_ANALYZER_NUMBER_OBJECT_CONVERSION = YES_AGGRESSIVE;
				CLANG_CXX_LANGUAGE_STANDARD = "gnu++0x";
				CLANG_CXX_LIBRARY = "libc++";
				CLANG_ENABLE_MODULES = YES;
				CLANG_ENABLE_OBJC_ARC = YES;
				CLANG_WARN_BLOCK_CAPTURE_AUTORELEASING = YES;
				CLANG_WARN_BOOL_CONVERSION = YES;
				CLANG_WARN_COMMA = YES;
				CLANG_WARN_CONSTANT_CONVERSION = YES;
				CLANG_WARN_DIRECT_OBJC_ISA_USAGE = YES_ERROR;
				CLANG_WARN_DOCUMENTATION_COMMENTS = YES;
				CLANG_WARN_EMPTY_BODY = YES;
				CLANG_WARN_ENUM_CONVERSION = YES;
				CLANG_WARN_INFINITE_RECURSION = YES;
				CLANG_WARN_INT_CONVERSION = YES;
				CLANG_WARN_NON_LITERAL_NULL_CONVERSION = YES;
				CLANG_WARN_OBJC_LITERAL_CONVERSION = YES;
				CLANG_WARN_OBJC_ROOT_CLASS = YES_ERROR;
				CLANG_WARN_RANGE_LOOP_ANALYSIS = YES;
				CLANG_WARN_STRICT_PROTOTYPES = YES;
				CLANG_WARN_SUSPICIOUS_MOVE = YES;
				CLANG_WARN_UNREACHABLE_CODE = YES;
				CLANG_WARN__DUPLICATE_METHOD_MATCH = YES;
				"CODE_SIGN_IDENTITY[sdk=iphoneos*]" = "iPhone Developer";
				COPY_PHASE_STRIP = NO;
				DEBUG_INFORMATION_FORMAT = "dwarf-with-dsym";
				ENABLE_NS_ASSERTIONS = NO;
				ENABLE_STRICT_OBJC_MSGSEND = YES;
				GCC_C_LANGUAGE_STANDARD = gnu99;
				GCC_NO_COMMON_BLOCKS = YES;
				GCC_WARN_64_TO_32_BIT_CONVERSION = YES;
				GCC_WARN_ABOUT_RETURN_TYPE = YES_ERROR;
				GCC_WARN_UNDECLARED_SELECTOR = YES;
				GCC_WARN_UNINITIALIZED_AUTOS = YES_AGGRESSIVE;
				GCC_WARN_UNUSED_FUNCTION = YES;
				GCC_WARN_UNUSED_VARIABLE = YES;
				IPHONEOS_DEPLOYMENT_TARGET = 10.3;
				MTL_ENABLE_DEBUG_INFO = NO;
				SDKROOT = iphoneos;
				SWIFT_OPTIMIZATION_LEVEL = "-Owholemodule";
				TARGETED_DEVICE_FAMILY = "1,2";
				VALIDATE_PRODUCT = YES;
			};
			name = Release;
		};
		A95FC5371F502C7500E1F926 /* Debug */ = {
			isa = XCBuildConfiguration;
			buildSettings = {
				ASSETCATALOG_COMPILER_APPICON_NAME = AppIcon;
				DEVELOPMENT_TEAM = 2U8WSM4T5B;
				INFOPLIST_FILE = BomberMan/Info.plist;
				IPHONEOS_DEPLOYMENT_TARGET = 10.2;
				LD_RUNPATH_SEARCH_PATHS = "$(inherited) @executable_path/Frameworks";
				PRODUCT_BUNDLE_IDENTIFIER = "IT-Academy.BomberMan";
				PRODUCT_NAME = "$(TARGET_NAME)";
				SWIFT_VERSION = 3.0;
				TARGETED_DEVICE_FAMILY = "1,2";
			};
			name = Debug;
		};
		A95FC5381F502C7500E1F926 /* Release */ = {
			isa = XCBuildConfiguration;
			buildSettings = {
				ASSETCATALOG_COMPILER_APPICON_NAME = AppIcon;
				DEVELOPMENT_TEAM = 2U8WSM4T5B;
				INFOPLIST_FILE = BomberMan/Info.plist;
				IPHONEOS_DEPLOYMENT_TARGET = 10.2;
				LD_RUNPATH_SEARCH_PATHS = "$(inherited) @executable_path/Frameworks";
				PRODUCT_BUNDLE_IDENTIFIER = "IT-Academy.BomberMan";
				PRODUCT_NAME = "$(TARGET_NAME)";
				SWIFT_VERSION = 3.0;
				TARGETED_DEVICE_FAMILY = "1,2";
			};
			name = Release;
		};
/* End XCBuildConfiguration section */

/* Begin XCConfigurationList section */
		A95FC5111F502C7500E1F926 /* Build configuration list for PBXProject "BomberMan" */ = {
			isa = XCConfigurationList;
			buildConfigurations = (
				A95FC5341F502C7500E1F926 /* Debug */,
				A95FC5351F502C7500E1F926 /* Release */,
			);
			defaultConfigurationIsVisible = 0;
			defaultConfigurationName = Release;
		};
		A95FC5361F502C7500E1F926 /* Build configuration list for PBXNativeTarget "BomberMan" */ = {
			isa = XCConfigurationList;
			buildConfigurations = (
				A95FC5371F502C7500E1F926 /* Debug */,
				A95FC5381F502C7500E1F926 /* Release */,
			);
			defaultConfigurationIsVisible = 0;
			defaultConfigurationName = Release;
		};
/* End XCConfigurationList section */
	};
	rootObject = A95FC50E1F502C7500E1F926 /* Project object */;
}
