// !$*UTF8*$!
{
	archiveVersion = 1;
	classes = {
	};
	objectVersion = 46;
	objects = {

/* Begin PBXBuildFile section */
		A908D0901F56B1A40097CF51 /* CreationGame.storyboard in Resources */ = {isa = PBXBuildFile; fileRef = A908D08E1F56B1A40097CF51 /* CreationGame.storyboard */; };
		A93D442D1F5D38CB008B4A10 /* PhoneView.swift in Sources */ = {isa = PBXBuildFile; fileRef = A93D442B1F5D38CB008B4A10 /* PhoneView.swift */; };
		A93D442E1F5D38CB008B4A10 /* PhoneView.xib in Resources */ = {isa = PBXBuildFile; fileRef = A93D442C1F5D38CB008B4A10 /* PhoneView.xib */; };
		A93D44431F5D5B60008B4A10 /* down11.png in Resources */ = {isa = PBXBuildFile; fileRef = A93D442F1F5D5B60008B4A10 /* down11.png */; };
		A93D44441F5D5B60008B4A10 /* down12.png in Resources */ = {isa = PBXBuildFile; fileRef = A93D44301F5D5B60008B4A10 /* down12.png */; };
		A93D44451F5D5B60008B4A10 /* down13.png in Resources */ = {isa = PBXBuildFile; fileRef = A93D44311F5D5B60008B4A10 /* down13.png */; };
		A93D44461F5D5B60008B4A10 /* down14.png in Resources */ = {isa = PBXBuildFile; fileRef = A93D44321F5D5B60008B4A10 /* down14.png */; };
		A93D44471F5D5B60008B4A10 /* down15.png in Resources */ = {isa = PBXBuildFile; fileRef = A93D44331F5D5B60008B4A10 /* down15.png */; };
		A93D44481F5D5B60008B4A10 /* left11.png in Resources */ = {isa = PBXBuildFile; fileRef = A93D44341F5D5B60008B4A10 /* left11.png */; };
		A93D44491F5D5B60008B4A10 /* left12.png in Resources */ = {isa = PBXBuildFile; fileRef = A93D44351F5D5B60008B4A10 /* left12.png */; };
		A93D444A1F5D5B60008B4A10 /* left13.png in Resources */ = {isa = PBXBuildFile; fileRef = A93D44361F5D5B60008B4A10 /* left13.png */; };
		A93D444B1F5D5B60008B4A10 /* left14.png in Resources */ = {isa = PBXBuildFile; fileRef = A93D44371F5D5B60008B4A10 /* left14.png */; };
		A93D444C1F5D5B60008B4A10 /* left15.png in Resources */ = {isa = PBXBuildFile; fileRef = A93D44381F5D5B60008B4A10 /* left15.png */; };
		A93D444D1F5D5B60008B4A10 /* right11.png in Resources */ = {isa = PBXBuildFile; fileRef = A93D44391F5D5B60008B4A10 /* right11.png */; };
		A93D444E1F5D5B60008B4A10 /* right12.png in Resources */ = {isa = PBXBuildFile; fileRef = A93D443A1F5D5B60008B4A10 /* right12.png */; };
		A93D444F1F5D5B60008B4A10 /* right13.png in Resources */ = {isa = PBXBuildFile; fileRef = A93D443B1F5D5B60008B4A10 /* right13.png */; };
		A93D44501F5D5B60008B4A10 /* right14.png in Resources */ = {isa = PBXBuildFile; fileRef = A93D443C1F5D5B60008B4A10 /* right14.png */; };
		A93D44511F5D5B60008B4A10 /* right15.png in Resources */ = {isa = PBXBuildFile; fileRef = A93D443D1F5D5B60008B4A10 /* right15.png */; };
		A93D44521F5D5B60008B4A10 /* up11.png in Resources */ = {isa = PBXBuildFile; fileRef = A93D443E1F5D5B60008B4A10 /* up11.png */; };
		A93D44531F5D5B60008B4A10 /* up12.png in Resources */ = {isa = PBXBuildFile; fileRef = A93D443F1F5D5B60008B4A10 /* up12.png */; };
		A93D44541F5D5B60008B4A10 /* up13.png in Resources */ = {isa = PBXBuildFile; fileRef = A93D44401F5D5B60008B4A10 /* up13.png */; };
		A93D44551F5D5B60008B4A10 /* up14.png in Resources */ = {isa = PBXBuildFile; fileRef = A93D44411F5D5B60008B4A10 /* up14.png */; };
		A93D44561F5D5B60008B4A10 /* up15.png in Resources */ = {isa = PBXBuildFile; fileRef = A93D44421F5D5B60008B4A10 /* up15.png */; };
		A94BDEA41F5AFCE80085E073 /* ConnectionService.swift in Sources */ = {isa = PBXBuildFile; fileRef = A94BDEA31F5AFCE80085E073 /* ConnectionService.swift */; };
		A94BDEA91F5AFD150085E073 /* RatingController.swift in Sources */ = {isa = PBXBuildFile; fileRef = A94BDEA51F5AFD150085E073 /* RatingController.swift */; };
		A94BDEAA1F5AFD150085E073 /* ScoresManager.swift in Sources */ = {isa = PBXBuildFile; fileRef = A94BDEA61F5AFD150085E073 /* ScoresManager.swift */; };
		A94BDEAB1F5AFD150085E073 /* TopTenCell.swift in Sources */ = {isa = PBXBuildFile; fileRef = A94BDEA71F5AFD150085E073 /* TopTenCell.swift */; };
		A94BDEAC1F5AFD150085E073 /* TopTenController.swift in Sources */ = {isa = PBXBuildFile; fileRef = A94BDEA81F5AFD150085E073 /* TopTenController.swift */; };
		A94BDEB21F5AFD450085E073 /* ControlPanelController.swift in Sources */ = {isa = PBXBuildFile; fileRef = A94BDEAD1F5AFD450085E073 /* ControlPanelController.swift */; };
		A94BDEB31F5AFD450085E073 /* DetailsController.swift in Sources */ = {isa = PBXBuildFile; fileRef = A94BDEAE1F5AFD450085E073 /* DetailsController.swift */; };
		A94BDEB51F5AFD450085E073 /* GameLayoutController.swift in Sources */ = {isa = PBXBuildFile; fileRef = A94BDEB01F5AFD450085E073 /* GameLayoutController.swift */; };
		A94BDEB61F5AFD450085E073 /* GameMapController.swift in Sources */ = {isa = PBXBuildFile; fileRef = A94BDEB11F5AFD450085E073 /* GameMapController.swift */; };
		A94BDEB81F5AFD570085E073 /* MultiPlayerGame.swift in Sources */ = {isa = PBXBuildFile; fileRef = A94BDEB71F5AFD570085E073 /* MultiPlayerGame.swift */; };
		A94BDEBB1F5AFD6C0085E073 /* MenuController.swift in Sources */ = {isa = PBXBuildFile; fileRef = A94BDEB91F5AFD6C0085E073 /* MenuController.swift */; };
		A94BDEBE1F5AFDA40085E073 /* UserScore.swift in Sources */ = {isa = PBXBuildFile; fileRef = A94BDEBD1F5AFDA40085E073 /* UserScore.swift */; };
		A94BDECC1F5B013C0085E073 /* Brain.swift in Sources */ = {isa = PBXBuildFile; fileRef = A94BDEC91F5B013C0085E073 /* Brain.swift */; };
		A94BDECD1F5B013C0085E073 /* Levels.swift in Sources */ = {isa = PBXBuildFile; fileRef = A94BDECA1F5B013C0085E073 /* Levels.swift */; };
		A94BDECE1F5B013C0085E073 /* Structs.swift in Sources */ = {isa = PBXBuildFile; fileRef = A94BDECB1F5B013C0085E073 /* Structs.swift */; };
		A94BDED01F5B01CE0085E073 /* Date+SinceDate.swift in Sources */ = {isa = PBXBuildFile; fileRef = A94BDECF1F5B01CE0085E073 /* Date+SinceDate.swift */; };
		A94BDED21F5B0F940085E073 /* SoundManager.swift in Sources */ = {isa = PBXBuildFile; fileRef = A94BDED11F5B0F940085E073 /* SoundManager.swift */; };
		A95BCE791F5427570021B1E7 /* Game.storyboard in Resources */ = {isa = PBXBuildFile; fileRef = A95BCE771F5427570021B1E7 /* Game.storyboard */; };
		A95BCE7C1F5427CE0021B1E7 /* Rating.storyboard in Resources */ = {isa = PBXBuildFile; fileRef = A95BCE7A1F5427CE0021B1E7 /* Rating.storyboard */; };
		A95FC51A1F502C7500E1F926 /* AppDelegate.swift in Sources */ = {isa = PBXBuildFile; fileRef = A95FC5191F502C7500E1F926 /* AppDelegate.swift */; };
		A95FC51F1F502C7500E1F926 /* Main.storyboard in Resources */ = {isa = PBXBuildFile; fileRef = A95FC51D1F502C7500E1F926 /* Main.storyboard */; };
		A95FC5241F502C7500E1F926 /* Assets.xcassets in Resources */ = {isa = PBXBuildFile; fileRef = A95FC5231F502C7500E1F926 /* Assets.xcassets */; };
		A95FC5271F502C7500E1F926 /* LaunchScreen.storyboard in Resources */ = {isa = PBXBuildFile; fileRef = A95FC5251F502C7500E1F926 /* LaunchScreen.storyboard */; };
		A9E460401F5ADC040091266C /* GameOverView.swift in Sources */ = {isa = PBXBuildFile; fileRef = A9E4603E1F5ADC040091266C /* GameOverView.swift */; };
		A9E460411F5ADC040091266C /* GameOverView.xib in Resources */ = {isa = PBXBuildFile; fileRef = A9E4603F1F5ADC040091266C /* GameOverView.xib */; };
		A9E460441F5ADC1F0091266C /* PauseView.swift in Sources */ = {isa = PBXBuildFile; fileRef = A9E460421F5ADC1F0091266C /* PauseView.swift */; };
		A9E460451F5ADC1F0091266C /* PauseView.xib in Resources */ = {isa = PBXBuildFile; fileRef = A9E460431F5ADC1F0091266C /* PauseView.xib */; };
		A9E460491F5ADC5F0091266C /* SingleDetailsView.swift in Sources */ = {isa = PBXBuildFile; fileRef = A9E460471F5ADC5F0091266C /* SingleDetailsView.swift */; };
		A9E4604A1F5ADC5F0091266C /* SingleDetailsView.xib in Resources */ = {isa = PBXBuildFile; fileRef = A9E460481F5ADC5F0091266C /* SingleDetailsView.xib */; };
		A9E4604E1F5ADC9E0091266C /* MoveToNextLevelView.swift in Sources */ = {isa = PBXBuildFile; fileRef = A9E4604C1F5ADC9E0091266C /* MoveToNextLevelView.swift */; };
		A9E4604F1F5ADC9E0091266C /* MoveToNextLevelView.xib in Resources */ = {isa = PBXBuildFile; fileRef = A9E4604D1F5ADC9E0091266C /* MoveToNextLevelView.xib */; };
		A9E460531F5ADCE00091266C /* MultiDetailsView.swift in Sources */ = {isa = PBXBuildFile; fileRef = A9E460511F5ADCE00091266C /* MultiDetailsView.swift */; };
		A9E460541F5ADCE00091266C /* MultiDetailsView.xib in Resources */ = {isa = PBXBuildFile; fileRef = A9E460521F5ADCE00091266C /* MultiDetailsView.xib */; };
		A9E460581F5ADD0E0091266C /* ControlPanelView.swift in Sources */ = {isa = PBXBuildFile; fileRef = A9E460561F5ADD0E0091266C /* ControlPanelView.swift */; };
		A9E460591F5ADD0E0091266C /* ControlPanelView.xib in Resources */ = {isa = PBXBuildFile; fileRef = A9E460571F5ADD0E0091266C /* ControlPanelView.xib */; };
		A9E460AF1F5AE32F0091266C /* BoxView.swift in Sources */ = {isa = PBXBuildFile; fileRef = A9E460AC1F5AE32F0091266C /* BoxView.swift */; };
		A9E460B01F5AE32F0091266C /* WallView.swift in Sources */ = {isa = PBXBuildFile; fileRef = A9E460AD1F5AE32F0091266C /* WallView.swift */; };
		A9E460F01F5AE6E90091266C /* opening.mp3 in Resources */ = {isa = PBXBuildFile; fileRef = A9E460EF1F5AE6E90091266C /* opening.mp3 */; };
		E77C3CDA1F59889200DE1CE1 /* death1.png in Resources */ = {isa = PBXBuildFile; fileRef = E77C3CD21F59889200DE1CE1 /* death1.png */; };
		E77C3CDB1F59889200DE1CE1 /* death2.png in Resources */ = {isa = PBXBuildFile; fileRef = E77C3CD31F59889200DE1CE1 /* death2.png */; };
		E77C3CDC1F59889200DE1CE1 /* death3.png in Resources */ = {isa = PBXBuildFile; fileRef = E77C3CD41F59889200DE1CE1 /* death3.png */; };
		E77C3CDD1F59889200DE1CE1 /* death4.png in Resources */ = {isa = PBXBuildFile; fileRef = E77C3CD51F59889200DE1CE1 /* death4.png */; };
		E77C3CDE1F59889200DE1CE1 /* death5.png in Resources */ = {isa = PBXBuildFile; fileRef = E77C3CD61F59889200DE1CE1 /* death5.png */; };
		E77C3CDF1F59889200DE1CE1 /* death6.png in Resources */ = {isa = PBXBuildFile; fileRef = E77C3CD71F59889200DE1CE1 /* death6.png */; };
		E77C3CE01F59889200DE1CE1 /* death7.png in Resources */ = {isa = PBXBuildFile; fileRef = E77C3CD81F59889200DE1CE1 /* death7.png */; };
		E77C3CE11F59889200DE1CE1 /* death8.png in Resources */ = {isa = PBXBuildFile; fileRef = E77C3CD91F59889200DE1CE1 /* death8.png */; };
/* End PBXBuildFile section */

/* Begin PBXContainerItemProxy section */
		A95FC52E1F502C7500E1F926 /* PBXContainerItemProxy */ = {
			isa = PBXContainerItemProxy;
			containerPortal = A95FC50E1F502C7500E1F926 /* Project object */;
			proxyType = 1;
			remoteGlobalIDString = A95FC5151F502C7500E1F926;
			remoteInfo = BomberMan;
		};
/* End PBXContainerItemProxy section */

/* Begin PBXFileReference section */
		A908D08F1F56B1A40097CF51 /* Base */ = {isa = PBXFileReference; lastKnownFileType = file.storyboard; name = Base; path = Base.lproj/CreationGame.storyboard; sourceTree = "<group>"; };
		A93D442B1F5D38CB008B4A10 /* PhoneView.swift */ = {isa = PBXFileReference; fileEncoding = 4; lastKnownFileType = sourcecode.swift; path = PhoneView.swift; sourceTree = "<group>"; };
		A93D442C1F5D38CB008B4A10 /* PhoneView.xib */ = {isa = PBXFileReference; fileEncoding = 4; lastKnownFileType = file.xib; path = PhoneView.xib; sourceTree = "<group>"; };
		A93D442F1F5D5B60008B4A10 /* down11.png */ = {isa = PBXFileReference; lastKnownFileType = image.png; path = down11.png; sourceTree = "<group>"; };
		A93D44301F5D5B60008B4A10 /* down12.png */ = {isa = PBXFileReference; lastKnownFileType = image.png; path = down12.png; sourceTree = "<group>"; };
		A93D44311F5D5B60008B4A10 /* down13.png */ = {isa = PBXFileReference; lastKnownFileType = image.png; path = down13.png; sourceTree = "<group>"; };
		A93D44321F5D5B60008B4A10 /* down14.png */ = {isa = PBXFileReference; lastKnownFileType = image.png; path = down14.png; sourceTree = "<group>"; };
		A93D44331F5D5B60008B4A10 /* down15.png */ = {isa = PBXFileReference; lastKnownFileType = image.png; path = down15.png; sourceTree = "<group>"; };
		A93D44341F5D5B60008B4A10 /* left11.png */ = {isa = PBXFileReference; lastKnownFileType = image.png; path = left11.png; sourceTree = "<group>"; };
		A93D44351F5D5B60008B4A10 /* left12.png */ = {isa = PBXFileReference; lastKnownFileType = image.png; path = left12.png; sourceTree = "<group>"; };
		A93D44361F5D5B60008B4A10 /* left13.png */ = {isa = PBXFileReference; lastKnownFileType = image.png; path = left13.png; sourceTree = "<group>"; };
		A93D44371F5D5B60008B4A10 /* left14.png */ = {isa = PBXFileReference; lastKnownFileType = image.png; path = left14.png; sourceTree = "<group>"; };
		A93D44381F5D5B60008B4A10 /* left15.png */ = {isa = PBXFileReference; lastKnownFileType = image.png; path = left15.png; sourceTree = "<group>"; };
		A93D44391F5D5B60008B4A10 /* right11.png */ = {isa = PBXFileReference; lastKnownFileType = image.png; path = right11.png; sourceTree = "<group>"; };
		A93D443A1F5D5B60008B4A10 /* right12.png */ = {isa = PBXFileReference; lastKnownFileType = image.png; path = right12.png; sourceTree = "<group>"; };
		A93D443B1F5D5B60008B4A10 /* right13.png */ = {isa = PBXFileReference; lastKnownFileType = image.png; path = right13.png; sourceTree = "<group>"; };
		A93D443C1F5D5B60008B4A10 /* right14.png */ = {isa = PBXFileReference; lastKnownFileType = image.png; path = right14.png; sourceTree = "<group>"; };
		A93D443D1F5D5B60008B4A10 /* right15.png */ = {isa = PBXFileReference; lastKnownFileType = image.png; path = right15.png; sourceTree = "<group>"; };
		A93D443E1F5D5B60008B4A10 /* up11.png */ = {isa = PBXFileReference; lastKnownFileType = image.png; path = up11.png; sourceTree = "<group>"; };
		A93D443F1F5D5B60008B4A10 /* up12.png */ = {isa = PBXFileReference; lastKnownFileType = image.png; path = up12.png; sourceTree = "<group>"; };
		A93D44401F5D5B60008B4A10 /* up13.png */ = {isa = PBXFileReference; lastKnownFileType = image.png; path = up13.png; sourceTree = "<group>"; };
		A93D44411F5D5B60008B4A10 /* up14.png */ = {isa = PBXFileReference; lastKnownFileType = image.png; path = up14.png; sourceTree = "<group>"; };
		A93D44421F5D5B60008B4A10 /* up15.png */ = {isa = PBXFileReference; lastKnownFileType = image.png; path = up15.png; sourceTree = "<group>"; };
		A94BDEA31F5AFCE80085E073 /* ConnectionService.swift */ = {isa = PBXFileReference; fileEncoding = 4; lastKnownFileType = sourcecode.swift; path = ConnectionService.swift; sourceTree = "<group>"; };
		A94BDEA51F5AFD150085E073 /* RatingController.swift */ = {isa = PBXFileReference; fileEncoding = 4; lastKnownFileType = sourcecode.swift; path = RatingController.swift; sourceTree = "<group>"; };
		A94BDEA61F5AFD150085E073 /* ScoresManager.swift */ = {isa = PBXFileReference; fileEncoding = 4; lastKnownFileType = sourcecode.swift; path = ScoresManager.swift; sourceTree = "<group>"; };
		A94BDEA71F5AFD150085E073 /* TopTenCell.swift */ = {isa = PBXFileReference; fileEncoding = 4; lastKnownFileType = sourcecode.swift; path = TopTenCell.swift; sourceTree = "<group>"; };
		A94BDEA81F5AFD150085E073 /* TopTenController.swift */ = {isa = PBXFileReference; fileEncoding = 4; lastKnownFileType = sourcecode.swift; path = TopTenController.swift; sourceTree = "<group>"; };
		A94BDEAD1F5AFD450085E073 /* ControlPanelController.swift */ = {isa = PBXFileReference; fileEncoding = 4; lastKnownFileType = sourcecode.swift; path = ControlPanelController.swift; sourceTree = "<group>"; };
		A94BDEAE1F5AFD450085E073 /* DetailsController.swift */ = {isa = PBXFileReference; fileEncoding = 4; lastKnownFileType = sourcecode.swift; path = DetailsController.swift; sourceTree = "<group>"; };
		A94BDEB01F5AFD450085E073 /* GameLayoutController.swift */ = {isa = PBXFileReference; fileEncoding = 4; lastKnownFileType = sourcecode.swift; path = GameLayoutController.swift; sourceTree = "<group>"; };
		A94BDEB11F5AFD450085E073 /* GameMapController.swift */ = {isa = PBXFileReference; fileEncoding = 4; lastKnownFileType = sourcecode.swift; path = GameMapController.swift; sourceTree = "<group>"; };
		A94BDEB71F5AFD570085E073 /* MultiPlayerGame.swift */ = {isa = PBXFileReference; fileEncoding = 4; lastKnownFileType = sourcecode.swift; path = MultiPlayerGame.swift; sourceTree = "<group>"; };
		A94BDEB91F5AFD6C0085E073 /* MenuController.swift */ = {isa = PBXFileReference; fileEncoding = 4; lastKnownFileType = sourcecode.swift; path = MenuController.swift; sourceTree = "<group>"; };
		A94BDEBD1F5AFDA40085E073 /* UserScore.swift */ = {isa = PBXFileReference; fileEncoding = 4; lastKnownFileType = sourcecode.swift; path = UserScore.swift; sourceTree = "<group>"; };
		A94BDEC91F5B013C0085E073 /* Brain.swift */ = {isa = PBXFileReference; fileEncoding = 4; lastKnownFileType = sourcecode.swift; path = Brain.swift; sourceTree = "<group>"; };
		A94BDECA1F5B013C0085E073 /* Levels.swift */ = {isa = PBXFileReference; fileEncoding = 4; lastKnownFileType = sourcecode.swift; path = Levels.swift; sourceTree = "<group>"; };
		A94BDECB1F5B013C0085E073 /* Structs.swift */ = {isa = PBXFileReference; fileEncoding = 4; lastKnownFileType = sourcecode.swift; path = Structs.swift; sourceTree = "<group>"; };
		A94BDECF1F5B01CE0085E073 /* Date+SinceDate.swift */ = {isa = PBXFileReference; fileEncoding = 4; lastKnownFileType = sourcecode.swift; path = "Date+SinceDate.swift"; sourceTree = "<group>"; };
		A94BDED11F5B0F940085E073 /* SoundManager.swift */ = {isa = PBXFileReference; fileEncoding = 4; lastKnownFileType = sourcecode.swift; path = SoundManager.swift; sourceTree = "<group>"; };
		A95BCE781F5427570021B1E7 /* Base */ = {isa = PBXFileReference; lastKnownFileType = file.storyboard; name = Base; path = Base.lproj/Game.storyboard; sourceTree = "<group>"; };
		A95BCE7B1F5427CE0021B1E7 /* Base */ = {isa = PBXFileReference; lastKnownFileType = file.storyboard; name = Base; path = Base.lproj/Rating.storyboard; sourceTree = "<group>"; };
		A95FC5161F502C7500E1F926 /* BomberMan.app */ = {isa = PBXFileReference; explicitFileType = wrapper.application; includeInIndex = 0; path = BomberMan.app; sourceTree = BUILT_PRODUCTS_DIR; };
		A95FC5191F502C7500E1F926 /* AppDelegate.swift */ = {isa = PBXFileReference; lastKnownFileType = sourcecode.swift; path = AppDelegate.swift; sourceTree = "<group>"; };
		A95FC51E1F502C7500E1F926 /* Base */ = {isa = PBXFileReference; lastKnownFileType = file.storyboard; name = Base; path = Base.lproj/Main.storyboard; sourceTree = "<group>"; };
		A95FC5231F502C7500E1F926 /* Assets.xcassets */ = {isa = PBXFileReference; lastKnownFileType = folder.assetcatalog; path = Assets.xcassets; sourceTree = "<group>"; };
		A95FC5261F502C7500E1F926 /* Base */ = {isa = PBXFileReference; lastKnownFileType = file.storyboard; name = Base; path = Base.lproj/LaunchScreen.storyboard; sourceTree = "<group>"; };
		A95FC5281F502C7500E1F926 /* Info.plist */ = {isa = PBXFileReference; lastKnownFileType = text.plist.xml; path = Info.plist; sourceTree = "<group>"; };
		A95FC52D1F502C7500E1F926 /* BomberManTests.xctest */ = {isa = PBXFileReference; explicitFileType = wrapper.cfbundle; includeInIndex = 0; path = BomberManTests.xctest; sourceTree = BUILT_PRODUCTS_DIR; };
		A9E4603E1F5ADC040091266C /* GameOverView.swift */ = {isa = PBXFileReference; fileEncoding = 4; lastKnownFileType = sourcecode.swift; path = GameOverView.swift; sourceTree = "<group>"; };
		A9E4603F1F5ADC040091266C /* GameOverView.xib */ = {isa = PBXFileReference; fileEncoding = 4; lastKnownFileType = file.xib; path = GameOverView.xib; sourceTree = "<group>"; };
		A9E460421F5ADC1F0091266C /* PauseView.swift */ = {isa = PBXFileReference; fileEncoding = 4; lastKnownFileType = sourcecode.swift; path = PauseView.swift; sourceTree = "<group>"; };
		A9E460431F5ADC1F0091266C /* PauseView.xib */ = {isa = PBXFileReference; fileEncoding = 4; lastKnownFileType = file.xib; path = PauseView.xib; sourceTree = "<group>"; };
		A9E460471F5ADC5F0091266C /* SingleDetailsView.swift */ = {isa = PBXFileReference; fileEncoding = 4; lastKnownFileType = sourcecode.swift; path = SingleDetailsView.swift; sourceTree = "<group>"; };
		A9E460481F5ADC5F0091266C /* SingleDetailsView.xib */ = {isa = PBXFileReference; fileEncoding = 4; lastKnownFileType = file.xib; path = SingleDetailsView.xib; sourceTree = "<group>"; };
		A9E4604C1F5ADC9E0091266C /* MoveToNextLevelView.swift */ = {isa = PBXFileReference; fileEncoding = 4; lastKnownFileType = sourcecode.swift; path = MoveToNextLevelView.swift; sourceTree = "<group>"; };
		A9E4604D1F5ADC9E0091266C /* MoveToNextLevelView.xib */ = {isa = PBXFileReference; fileEncoding = 4; lastKnownFileType = file.xib; path = MoveToNextLevelView.xib; sourceTree = "<group>"; };
		A9E460511F5ADCE00091266C /* MultiDetailsView.swift */ = {isa = PBXFileReference; fileEncoding = 4; lastKnownFileType = sourcecode.swift; path = MultiDetailsView.swift; sourceTree = "<group>"; };
		A9E460521F5ADCE00091266C /* MultiDetailsView.xib */ = {isa = PBXFileReference; fileEncoding = 4; lastKnownFileType = file.xib; path = MultiDetailsView.xib; sourceTree = "<group>"; };
		A9E460561F5ADD0E0091266C /* ControlPanelView.swift */ = {isa = PBXFileReference; fileEncoding = 4; lastKnownFileType = sourcecode.swift; path = ControlPanelView.swift; sourceTree = "<group>"; };
		A9E460571F5ADD0E0091266C /* ControlPanelView.xib */ = {isa = PBXFileReference; fileEncoding = 4; lastKnownFileType = file.xib; path = ControlPanelView.xib; sourceTree = "<group>"; };
		A9E460AC1F5AE32F0091266C /* BoxView.swift */ = {isa = PBXFileReference; fileEncoding = 4; lastKnownFileType = sourcecode.swift; path = BoxView.swift; sourceTree = "<group>"; };
		A9E460AD1F5AE32F0091266C /* WallView.swift */ = {isa = PBXFileReference; fileEncoding = 4; lastKnownFileType = sourcecode.swift; path = WallView.swift; sourceTree = "<group>"; };
		A9E460EF1F5AE6E90091266C /* opening.mp3 */ = {isa = PBXFileReference; lastKnownFileType = audio.mp3; path = opening.mp3; sourceTree = "<group>"; };
		E77C3CD21F59889200DE1CE1 /* death1.png */ = {isa = PBXFileReference; lastKnownFileType = image.png; path = death1.png; sourceTree = "<group>"; };
		E77C3CD31F59889200DE1CE1 /* death2.png */ = {isa = PBXFileReference; lastKnownFileType = image.png; path = death2.png; sourceTree = "<group>"; };
		E77C3CD41F59889200DE1CE1 /* death3.png */ = {isa = PBXFileReference; lastKnownFileType = image.png; path = death3.png; sourceTree = "<group>"; };
		E77C3CD51F59889200DE1CE1 /* death4.png */ = {isa = PBXFileReference; lastKnownFileType = image.png; path = death4.png; sourceTree = "<group>"; };
		E77C3CD61F59889200DE1CE1 /* death5.png */ = {isa = PBXFileReference; lastKnownFileType = image.png; path = death5.png; sourceTree = "<group>"; };
		E77C3CD71F59889200DE1CE1 /* death6.png */ = {isa = PBXFileReference; lastKnownFileType = image.png; path = death6.png; sourceTree = "<group>"; };
		E77C3CD81F59889200DE1CE1 /* death7.png */ = {isa = PBXFileReference; lastKnownFileType = image.png; path = death7.png; sourceTree = "<group>"; };
		E77C3CD91F59889200DE1CE1 /* death8.png */ = {isa = PBXFileReference; lastKnownFileType = image.png; path = death8.png; sourceTree = "<group>"; };
/* End PBXFileReference section */

/* Begin PBXFrameworksBuildPhase section */
		A95FC5131F502C7500E1F926 /* Frameworks */ = {
			isa = PBXFrameworksBuildPhase;
			buildActionMask = 2147483647;
			files = (
			);
			runOnlyForDeploymentPostprocessing = 0;
		};
		A95FC52A1F502C7500E1F926 /* Frameworks */ = {
			isa = PBXFrameworksBuildPhase;
			buildActionMask = 2147483647;
			files = (
			);
			runOnlyForDeploymentPostprocessing = 0;
		};
/* End PBXFrameworksBuildPhase section */

/* Begin PBXGroup section */
		1546583C1F56C49400DB0184 /* MultiPlayer */ = {
			isa = PBXGroup;
			children = (
				A94BDEB71F5AFD570085E073 /* MultiPlayerGame.swift */,
			);
			name = MultiPlayer;
			path = MultiPlayerCreation;
			sourceTree = "<group>";
		};
		154658411F56C98400DB0184 /* Connection */ = {
			isa = PBXGroup;
			children = (
				A94BDEA31F5AFCE80085E073 /* ConnectionService.swift */,
			);
			path = Connection;
			sourceTree = "<group>";
		};
		2023B3B81F55ECCD00B6F993 /* Extensions */ = {
			isa = PBXGroup;
			children = (
				A94BDECF1F5B01CE0085E073 /* Date+SinceDate.swift */,
			);
			path = Extensions;
			sourceTree = "<group>";
		};
		61475F231F51C92500B68DAA /* Brain */ = {
			isa = PBXGroup;
			children = (
				A94BDEC91F5B013C0085E073 /* Brain.swift */,
				A94BDECA1F5B013C0085E073 /* Levels.swift */,
				A94BDECB1F5B013C0085E073 /* Structs.swift */,
			);
			path = Brain;
			sourceTree = "<group>";
		};
		616E603A1F5038CE000B4A01 /* Storyboards */ = {
			isa = PBXGroup;
			children = (
				A95FC5251F502C7500E1F926 /* LaunchScreen.storyboard */,
				A95BCE7A1F5427CE0021B1E7 /* Rating.storyboard */,
				A95FC51D1F502C7500E1F926 /* Main.storyboard */,
				A95BCE771F5427570021B1E7 /* Game.storyboard */,
				A908D08E1F56B1A40097CF51 /* CreationGame.storyboard */,
			);
			name = Storyboards;
			sourceTree = "<group>";
		};
		A93D442A1F5D38A0008B4A10 /* PhoneView */ = {
			isa = PBXGroup;
			children = (
				A93D442B1F5D38CB008B4A10 /* PhoneView.swift */,
				A93D442C1F5D38CB008B4A10 /* PhoneView.xib */,
			);
			name = PhoneView;
			path = phoneView;
			sourceTree = "<group>";
		};
		A95BCE701F5421BD0021B1E7 /* CustomTiles */ = {
			isa = PBXGroup;
			children = (
				A9E460AC1F5AE32F0091266C /* BoxView.swift */,
				A9E460AD1F5AE32F0091266C /* WallView.swift */,
			);
			path = CustomTiles;
			sourceTree = "<group>";
		};
		A95BCE7F1F5427FC0021B1E7 /* Classes */ = {
			isa = PBXGroup;
			children = (
				154658411F56C98400DB0184 /* Connection */,
				A95BCE841F5428DB0021B1E7 /* Rating */,
				A95BCE801F54280E0021B1E7 /* Game */,
				1546583C1F56C49400DB0184 /* MultiPlayer */,
				A95BCE871F5429B60021B1E7 /* Menu */,
			);
			path = Classes;
			sourceTree = "<group>";
		};
		A95BCE801F54280E0021B1E7 /* Game */ = {
			isa = PBXGroup;
			children = (
				A94BDEB01F5AFD450085E073 /* GameLayoutController.swift */,
				A94BDEAE1F5AFD450085E073 /* DetailsController.swift */,
				A94BDEB11F5AFD450085E073 /* GameMapController.swift */,
				A94BDEAD1F5AFD450085E073 /* ControlPanelController.swift */,
			);
			path = Game;
			sourceTree = "<group>";
		};
		A95BCE841F5428DB0021B1E7 /* Rating */ = {
			isa = PBXGroup;
			children = (
				A94BDEBD1F5AFDA40085E073 /* UserScore.swift */,
				A94BDEA61F5AFD150085E073 /* ScoresManager.swift */,
				A94BDEA51F5AFD150085E073 /* RatingController.swift */,
				A94BDEA81F5AFD150085E073 /* TopTenController.swift */,
				A94BDEA71F5AFD150085E073 /* TopTenCell.swift */,
			);
			path = Rating;
			sourceTree = "<group>";
		};
		A95BCE871F5429B60021B1E7 /* Menu */ = {
			isa = PBXGroup;
			children = (
				A94BDEB91F5AFD6C0085E073 /* MenuController.swift */,
			);
			path = Menu;
			sourceTree = "<group>";
		};
		A95FC50D1F502C7500E1F926 = {
			isa = PBXGroup;
			children = (
				A95FC5181F502C7500E1F926 /* BomberMan */,
				A95FC5171F502C7500E1F926 /* Products */,
			);
			sourceTree = "<group>";
		};
		A95FC5171F502C7500E1F926 /* Products */ = {
			isa = PBXGroup;
			children = (
				A95FC5161F502C7500E1F926 /* BomberMan.app */,
				A95FC52D1F502C7500E1F926 /* BomberManTests.xctest */,
			);
			name = Products;
			sourceTree = "<group>";
		};
		A95FC5181F502C7500E1F926 /* BomberMan */ = {
			isa = PBXGroup;
			children = (
				A95FC5191F502C7500E1F926 /* AppDelegate.swift */,
				A95FC5231F502C7500E1F926 /* Assets.xcassets */,
				A95FC5281F502C7500E1F926 /* Info.plist */,
				616E603A1F5038CE000B4A01 /* Storyboards */,
				A95BCE701F5421BD0021B1E7 /* CustomTiles */,
				A9E45FE21F596A230091266C /* Xib files */,
				2023B3B81F55ECCD00B6F993 /* Extensions */,
				A95BCE7F1F5427FC0021B1E7 /* Classes */,
				E73B03EC1F572BAF008C0FC2 /* Images */,
				A987D19B1F56EFDF00CCF677 /* Music */,
				61475F231F51C92500B68DAA /* Brain */,
			);
			path = BomberMan;
			sourceTree = "<group>";
		};
		A987D19B1F56EFDF00CCF677 /* Music */ = {
			isa = PBXGroup;
			children = (
				A94BDED11F5B0F940085E073 /* SoundManager.swift */,
				A9E460EF1F5AE6E90091266C /* opening.mp3 */,
			);
			path = Music;
			sourceTree = "<group>";
		};
		A9E45FE21F596A230091266C /* Xib files */ = {
			isa = PBXGroup;
			children = (
				A93D442A1F5D38A0008B4A10 /* PhoneView */,
				A9E460551F5ADCF70091266C /* ControlPanelView */,
				A9E460501F5ADCC70091266C /* MultiDetailsView */,
				A9E4604B1F5ADC850091266C /* MoveToNextLevelView */,
				A9E460461F5ADC280091266C /* SingleDetailsView */,
				A9E4603D1F5ADB8D0091266C /* GameOverView */,
				A9E460381F5ADB4A0091266C /* PauseView */,
			);
			name = "Xib files";
			path = "xib files";
			sourceTree = "<group>";
		};
		A9E460381F5ADB4A0091266C /* PauseView */ = {
			isa = PBXGroup;
			children = (
				A9E460421F5ADC1F0091266C /* PauseView.swift */,
				A9E460431F5ADC1F0091266C /* PauseView.xib */,
			);
			name = PauseView;
			path = pauseView;
			sourceTree = "<group>";
		};
		A9E4603D1F5ADB8D0091266C /* GameOverView */ = {
			isa = PBXGroup;
			children = (
				A9E4603E1F5ADC040091266C /* GameOverView.swift */,
				A9E4603F1F5ADC040091266C /* GameOverView.xib */,
			);
			name = GameOverView;
			path = gameOverView;
			sourceTree = "<group>";
		};
		A9E460461F5ADC280091266C /* SingleDetailsView */ = {
			isa = PBXGroup;
			children = (
				A9E460471F5ADC5F0091266C /* SingleDetailsView.swift */,
				A9E460481F5ADC5F0091266C /* SingleDetailsView.xib */,
			);
			name = SingleDetailsView;
			path = singleDetailsView;
			sourceTree = "<group>";
		};
		A9E4604B1F5ADC850091266C /* MoveToNextLevelView */ = {
			isa = PBXGroup;
			children = (
				A9E4604C1F5ADC9E0091266C /* MoveToNextLevelView.swift */,
				A9E4604D1F5ADC9E0091266C /* MoveToNextLevelView.xib */,
			);
			name = MoveToNextLevelView;
			path = moveToNextLevelView;
			sourceTree = "<group>";
		};
		A9E460501F5ADCC70091266C /* MultiDetailsView */ = {
			isa = PBXGroup;
			children = (
				A9E460511F5ADCE00091266C /* MultiDetailsView.swift */,
				A9E460521F5ADCE00091266C /* MultiDetailsView.xib */,
			);
			name = MultiDetailsView;
			path = multiDetailsView;
			sourceTree = "<group>";
		};
		A9E460551F5ADCF70091266C /* ControlPanelView */ = {
			isa = PBXGroup;
			children = (
				A9E460561F5ADD0E0091266C /* ControlPanelView.swift */,
				A9E460571F5ADD0E0091266C /* ControlPanelView.xib */,
			);
			name = ControlPanelView;
			path = controlPanelView;
			sourceTree = "<group>";
		};
		A9E4605A1F5ADE600091266C /* playerSprite */ = {
			isa = PBXGroup;
			children = (
				A93D442F1F5D5B60008B4A10 /* down11.png */,
				A93D44301F5D5B60008B4A10 /* down12.png */,
				A93D44311F5D5B60008B4A10 /* down13.png */,
				A93D44321F5D5B60008B4A10 /* down14.png */,
				A93D44331F5D5B60008B4A10 /* down15.png */,
				A93D44341F5D5B60008B4A10 /* left11.png */,
				A93D44351F5D5B60008B4A10 /* left12.png */,
				A93D44361F5D5B60008B4A10 /* left13.png */,
				A93D44371F5D5B60008B4A10 /* left14.png */,
				A93D44381F5D5B60008B4A10 /* left15.png */,
				A93D44391F5D5B60008B4A10 /* right11.png */,
				A93D443A1F5D5B60008B4A10 /* right12.png */,
				A93D443B1F5D5B60008B4A10 /* right13.png */,
				A93D443C1F5D5B60008B4A10 /* right14.png */,
				A93D443D1F5D5B60008B4A10 /* right15.png */,
				A93D443E1F5D5B60008B4A10 /* up11.png */,
				A93D443F1F5D5B60008B4A10 /* up12.png */,
				A93D44401F5D5B60008B4A10 /* up13.png */,
				A93D44411F5D5B60008B4A10 /* up14.png */,
				A93D44421F5D5B60008B4A10 /* up15.png */,
			);
			path = playerSprite;
			sourceTree = "<group>";
		};
		E73B03EC1F572BAF008C0FC2 /* Images */ = {
			isa = PBXGroup;
			children = (
				A9E4605A1F5ADE600091266C /* playerSprite */,
				E77C3CD11F59889200DE1CE1 /* death */,
			);
			name = Images;
			sourceTree = "<group>";
		};
		E77C3CD11F59889200DE1CE1 /* death */ = {
			isa = PBXGroup;
			children = (
				E77C3CD21F59889200DE1CE1 /* death1.png */,
				E77C3CD31F59889200DE1CE1 /* death2.png */,
				E77C3CD41F59889200DE1CE1 /* death3.png */,
				E77C3CD51F59889200DE1CE1 /* death4.png */,
				E77C3CD61F59889200DE1CE1 /* death5.png */,
				E77C3CD71F59889200DE1CE1 /* death6.png */,
				E77C3CD81F59889200DE1CE1 /* death7.png */,
				E77C3CD91F59889200DE1CE1 /* death8.png */,
			);
			path = death;
			sourceTree = "<group>";
		};
/* End PBXGroup section */

/* Begin PBXNativeTarget section */
		A95FC5151F502C7500E1F926 /* BomberMan */ = {
			isa = PBXNativeTarget;
			buildConfigurationList = A95FC5361F502C7500E1F926 /* Build configuration list for PBXNativeTarget "BomberMan" */;
			buildPhases = (
				A95FC5121F502C7500E1F926 /* Sources */,
				A95FC5131F502C7500E1F926 /* Frameworks */,
				A95FC5141F502C7500E1F926 /* Resources */,
			);
			buildRules = (
			);
			dependencies = (
			);
			name = BomberMan;
			productName = BomberMan;
			productReference = A95FC5161F502C7500E1F926 /* BomberMan.app */;
			productType = "com.apple.product-type.application";
		};
		A95FC52C1F502C7500E1F926 /* BomberManTests */ = {
			isa = PBXNativeTarget;
			buildConfigurationList = A95FC5391F502C7500E1F926 /* Build configuration list for PBXNativeTarget "BomberManTests" */;
			buildPhases = (
				A95FC5291F502C7500E1F926 /* Sources */,
				A95FC52A1F502C7500E1F926 /* Frameworks */,
				A95FC52B1F502C7500E1F926 /* Resources */,
			);
			buildRules = (
			);
			dependencies = (
				A95FC52F1F502C7500E1F926 /* PBXTargetDependency */,
			);
			name = BomberManTests;
			productName = BomberManTests;
			productReference = A95FC52D1F502C7500E1F926 /* BomberManTests.xctest */;
			productType = "com.apple.product-type.bundle.unit-test";
		};
/* End PBXNativeTarget section */

/* Begin PBXProject section */
		A95FC50E1F502C7500E1F926 /* Project object */ = {
			isa = PBXProject;
			attributes = {
				LastSwiftUpdateCheck = 0830;
				LastUpgradeCheck = 0830;
				ORGANIZATIONNAME = "Lv-249 iOS";
				TargetAttributes = {
					A95FC5151F502C7500E1F926 = {
						CreatedOnToolsVersion = 8.3.3;
						DevelopmentTeam = 2U8WSM4T5B;
						ProvisioningStyle = Automatic;
					};
					A95FC52C1F502C7500E1F926 = {
						CreatedOnToolsVersion = 8.3.3;
						ProvisioningStyle = Automatic;
						TestTargetID = A95FC5151F502C7500E1F926;
					};
				};
			};
			buildConfigurationList = A95FC5111F502C7500E1F926 /* Build configuration list for PBXProject "BomberMan" */;
			compatibilityVersion = "Xcode 3.2";
			developmentRegion = English;
			hasScannedForEncodings = 0;
			knownRegions = (
				en,
				Base,
			);
			mainGroup = A95FC50D1F502C7500E1F926;
			productRefGroup = A95FC5171F502C7500E1F926 /* Products */;
			projectDirPath = "";
			projectRoot = "";
			targets = (
				A95FC5151F502C7500E1F926 /* BomberMan */,
				A95FC52C1F502C7500E1F926 /* BomberManTests */,
			);
		};
/* End PBXProject section */

/* Begin PBXResourcesBuildPhase section */
		A95FC5141F502C7500E1F926 /* Resources */ = {
			isa = PBXResourcesBuildPhase;
			buildActionMask = 2147483647;
			files = (
				A95BCE791F5427570021B1E7 /* Game.storyboard in Resources */,
				A9E460451F5ADC1F0091266C /* PauseView.xib in Resources */,
				A93D444E1F5D5B60008B4A10 /* right12.png in Resources */,
				E77C3CDC1F59889200DE1CE1 /* death3.png in Resources */,
				A93D44461F5D5B60008B4A10 /* down14.png in Resources */,
				A93D444F1F5D5B60008B4A10 /* right13.png in Resources */,
				A93D444A1F5D5B60008B4A10 /* left13.png in Resources */,
				A9E460F01F5AE6E90091266C /* opening.mp3 in Resources */,
				A9E460411F5ADC040091266C /* GameOverView.xib in Resources */,
				A95FC5271F502C7500E1F926 /* LaunchScreen.storyboard in Resources */,
				A95FC5241F502C7500E1F926 /* Assets.xcassets in Resources */,
				A908D0901F56B1A40097CF51 /* CreationGame.storyboard in Resources */,
				A93D44521F5D5B60008B4A10 /* up11.png in Resources */,
				E77C3CDA1F59889200DE1CE1 /* death1.png in Resources */,
				A9E4604A1F5ADC5F0091266C /* SingleDetailsView.xib in Resources */,
				A93D442E1F5D38CB008B4A10 /* PhoneView.xib in Resources */,
				A93D44431F5D5B60008B4A10 /* down11.png in Resources */,
				A93D44561F5D5B60008B4A10 /* up15.png in Resources */,
				A93D44471F5D5B60008B4A10 /* down15.png in Resources */,
				A93D44501F5D5B60008B4A10 /* right14.png in Resources */,
				A9E460591F5ADD0E0091266C /* ControlPanelView.xib in Resources */,
				E77C3CDB1F59889200DE1CE1 /* death2.png in Resources */,
				A93D444C1F5D5B60008B4A10 /* left15.png in Resources */,
				E77C3CDE1F59889200DE1CE1 /* death5.png in Resources */,
				E77C3CE01F59889200DE1CE1 /* death7.png in Resources */,
				A9E4604F1F5ADC9E0091266C /* MoveToNextLevelView.xib in Resources */,
				A93D444B1F5D5B60008B4A10 /* left14.png in Resources */,
				A93D444D1F5D5B60008B4A10 /* right11.png in Resources */,
				E77C3CDD1F59889200DE1CE1 /* death4.png in Resources */,
				A9E460541F5ADCE00091266C /* MultiDetailsView.xib in Resources */,
				A93D44441F5D5B60008B4A10 /* down12.png in Resources */,
				A95FC51F1F502C7500E1F926 /* Main.storyboard in Resources */,
				E77C3CDF1F59889200DE1CE1 /* death6.png in Resources */,
				A93D44511F5D5B60008B4A10 /* right15.png in Resources */,
				A93D44481F5D5B60008B4A10 /* left11.png in Resources */,
				A93D44551F5D5B60008B4A10 /* up14.png in Resources */,
				E77C3CE11F59889200DE1CE1 /* death8.png in Resources */,
				A95BCE7C1F5427CE0021B1E7 /* Rating.storyboard in Resources */,
				A93D44491F5D5B60008B4A10 /* left12.png in Resources */,
				A93D44541F5D5B60008B4A10 /* up13.png in Resources */,
				A93D44531F5D5B60008B4A10 /* up12.png in Resources */,
				A93D44451F5D5B60008B4A10 /* down13.png in Resources */,
			);
			runOnlyForDeploymentPostprocessing = 0;
		};
		A95FC52B1F502C7500E1F926 /* Resources */ = {
			isa = PBXResourcesBuildPhase;
			buildActionMask = 2147483647;
			files = (
			);
			runOnlyForDeploymentPostprocessing = 0;
		};
/* End PBXResourcesBuildPhase section */

/* Begin PBXSourcesBuildPhase section */
		A95FC5121F502C7500E1F926 /* Sources */ = {
			isa = PBXSourcesBuildPhase;
			buildActionMask = 2147483647;
			files = (
				A94BDEBE1F5AFDA40085E073 /* UserScore.swift in Sources */,
				A9E4604E1F5ADC9E0091266C /* MoveToNextLevelView.swift in Sources */,
				A94BDECC1F5B013C0085E073 /* Brain.swift in Sources */,
				A9E460B01F5AE32F0091266C /* WallView.swift in Sources */,
				A94BDED21F5B0F940085E073 /* SoundManager.swift in Sources */,
				A93D442D1F5D38CB008B4A10 /* PhoneView.swift in Sources */,
				A9E460441F5ADC1F0091266C /* PauseView.swift in Sources */,
				A9E460491F5ADC5F0091266C /* SingleDetailsView.swift in Sources */,
				A94BDEA41F5AFCE80085E073 /* ConnectionService.swift in Sources */,
				A94BDECD1F5B013C0085E073 /* Levels.swift in Sources */,
				A94BDEB81F5AFD570085E073 /* MultiPlayerGame.swift in Sources */,
				A94BDEB31F5AFD450085E073 /* DetailsController.swift in Sources */,
				A94BDEAC1F5AFD150085E073 /* TopTenController.swift in Sources */,
				A94BDED01F5B01CE0085E073 /* Date+SinceDate.swift in Sources */,
				A9E460531F5ADCE00091266C /* MultiDetailsView.swift in Sources */,
				A94BDEA91F5AFD150085E073 /* RatingController.swift in Sources */,
				A9E460581F5ADD0E0091266C /* ControlPanelView.swift in Sources */,
				A94BDEAA1F5AFD150085E073 /* ScoresManager.swift in Sources */,
				A9E460401F5ADC040091266C /* GameOverView.swift in Sources */,
				A94BDEB51F5AFD450085E073 /* GameLayoutController.swift in Sources */,
				A94BDEB21F5AFD450085E073 /* ControlPanelController.swift in Sources */,
				A95FC51A1F502C7500E1F926 /* AppDelegate.swift in Sources */,
				A9E460AF1F5AE32F0091266C /* BoxView.swift in Sources */,
				A94BDECE1F5B013C0085E073 /* Structs.swift in Sources */,
				A94BDEB61F5AFD450085E073 /* GameMapController.swift in Sources */,
				A94BDEBB1F5AFD6C0085E073 /* MenuController.swift in Sources */,
				A94BDEAB1F5AFD150085E073 /* TopTenCell.swift in Sources */,
			);
			runOnlyForDeploymentPostprocessing = 0;
		};
		A95FC5291F502C7500E1F926 /* Sources */ = {
			isa = PBXSourcesBuildPhase;
			buildActionMask = 2147483647;
			files = (
			);
			runOnlyForDeploymentPostprocessing = 0;
		};
/* End PBXSourcesBuildPhase section */

/* Begin PBXTargetDependency section */
		A95FC52F1F502C7500E1F926 /* PBXTargetDependency */ = {
			isa = PBXTargetDependency;
			target = A95FC5151F502C7500E1F926 /* BomberMan */;
			targetProxy = A95FC52E1F502C7500E1F926 /* PBXContainerItemProxy */;
		};
/* End PBXTargetDependency section */

/* Begin PBXVariantGroup section */
		A908D08E1F56B1A40097CF51 /* CreationGame.storyboard */ = {
			isa = PBXVariantGroup;
			children = (
				A908D08F1F56B1A40097CF51 /* Base */,
			);
			name = CreationGame.storyboard;
			sourceTree = "<group>";
		};
		A95BCE771F5427570021B1E7 /* Game.storyboard */ = {
			isa = PBXVariantGroup;
			children = (
				A95BCE781F5427570021B1E7 /* Base */,
			);
			name = Game.storyboard;
			sourceTree = "<group>";
		};
		A95BCE7A1F5427CE0021B1E7 /* Rating.storyboard */ = {
			isa = PBXVariantGroup;
			children = (
				A95BCE7B1F5427CE0021B1E7 /* Base */,
			);
			name = Rating.storyboard;
			sourceTree = "<group>";
		};
		A95FC51D1F502C7500E1F926 /* Main.storyboard */ = {
			isa = PBXVariantGroup;
			children = (
				A95FC51E1F502C7500E1F926 /* Base */,
			);
			name = Main.storyboard;
			sourceTree = "<group>";
		};
		A95FC5251F502C7500E1F926 /* LaunchScreen.storyboard */ = {
			isa = PBXVariantGroup;
			children = (
				A95FC5261F502C7500E1F926 /* Base */,
			);
			name = LaunchScreen.storyboard;
			sourceTree = "<group>";
		};
/* End PBXVariantGroup section */

/* Begin XCBuildConfiguration section */
		A95FC5341F502C7500E1F926 /* Debug */ = {
			isa = XCBuildConfiguration;
			buildSettings = {
				ALWAYS_SEARCH_USER_PATHS = NO;
				CLANG_ANALYZER_NONNULL = YES;
				CLANG_ANALYZER_NUMBER_OBJECT_CONVERSION = YES_AGGRESSIVE;
				CLANG_CXX_LANGUAGE_STANDARD = "gnu++0x";
				CLANG_CXX_LIBRARY = "libc++";
				CLANG_ENABLE_MODULES = YES;
				CLANG_ENABLE_OBJC_ARC = YES;
				CLANG_WARN_BOOL_CONVERSION = YES;
				CLANG_WARN_CONSTANT_CONVERSION = YES;
				CLANG_WARN_DIRECT_OBJC_ISA_USAGE = YES_ERROR;
				CLANG_WARN_DOCUMENTATION_COMMENTS = YES;
				CLANG_WARN_EMPTY_BODY = YES;
				CLANG_WARN_ENUM_CONVERSION = YES;
				CLANG_WARN_INFINITE_RECURSION = YES;
				CLANG_WARN_INT_CONVERSION = YES;
				CLANG_WARN_OBJC_ROOT_CLASS = YES_ERROR;
				CLANG_WARN_SUSPICIOUS_MOVE = YES;
				CLANG_WARN_UNREACHABLE_CODE = YES;
				CLANG_WARN__DUPLICATE_METHOD_MATCH = YES;
				"CODE_SIGN_IDENTITY[sdk=iphoneos*]" = "iPhone Developer";
				COPY_PHASE_STRIP = NO;
				DEBUG_INFORMATION_FORMAT = dwarf;
				ENABLE_STRICT_OBJC_MSGSEND = YES;
				ENABLE_TESTABILITY = YES;
				GCC_C_LANGUAGE_STANDARD = gnu99;
				GCC_DYNAMIC_NO_PIC = NO;
				GCC_NO_COMMON_BLOCKS = YES;
				GCC_OPTIMIZATION_LEVEL = 0;
				GCC_PREPROCESSOR_DEFINITIONS = (
					"DEBUG=1",
					"$(inherited)",
				);
				GCC_WARN_64_TO_32_BIT_CONVERSION = YES;
				GCC_WARN_ABOUT_RETURN_TYPE = YES_ERROR;
				GCC_WARN_UNDECLARED_SELECTOR = YES;
				GCC_WARN_UNINITIALIZED_AUTOS = YES_AGGRESSIVE;
				GCC_WARN_UNUSED_FUNCTION = YES;
				GCC_WARN_UNUSED_VARIABLE = YES;
				IPHONEOS_DEPLOYMENT_TARGET = 10.3;
				MTL_ENABLE_DEBUG_INFO = YES;
				ONLY_ACTIVE_ARCH = YES;
				SDKROOT = iphoneos;
				SWIFT_ACTIVE_COMPILATION_CONDITIONS = DEBUG;
				SWIFT_OPTIMIZATION_LEVEL = "-Onone";
				TARGETED_DEVICE_FAMILY = "1,2";
			};
			name = Debug;
		};
		A95FC5351F502C7500E1F926 /* Release */ = {
			isa = XCBuildConfiguration;
			buildSettings = {
				ALWAYS_SEARCH_USER_PATHS = NO;
				CLANG_ANALYZER_NONNULL = YES;
				CLANG_ANALYZER_NUMBER_OBJECT_CONVERSION = YES_AGGRESSIVE;
				CLANG_CXX_LANGUAGE_STANDARD = "gnu++0x";
				CLANG_CXX_LIBRARY = "libc++";
				CLANG_ENABLE_MODULES = YES;
				CLANG_ENABLE_OBJC_ARC = YES;
				CLANG_WARN_BOOL_CONVERSION = YES;
				CLANG_WARN_CONSTANT_CONVERSION = YES;
				CLANG_WARN_DIRECT_OBJC_ISA_USAGE = YES_ERROR;
				CLANG_WARN_DOCUMENTATION_COMMENTS = YES;
				CLANG_WARN_EMPTY_BODY = YES;
				CLANG_WARN_ENUM_CONVERSION = YES;
				CLANG_WARN_INFINITE_RECURSION = YES;
				CLANG_WARN_INT_CONVERSION = YES;
				CLANG_WARN_OBJC_ROOT_CLASS = YES_ERROR;
				CLANG_WARN_SUSPICIOUS_MOVE = YES;
				CLANG_WARN_UNREACHABLE_CODE = YES;
				CLANG_WARN__DUPLICATE_METHOD_MATCH = YES;
				"CODE_SIGN_IDENTITY[sdk=iphoneos*]" = "iPhone Developer";
				COPY_PHASE_STRIP = NO;
				DEBUG_INFORMATION_FORMAT = "dwarf-with-dsym";
				ENABLE_NS_ASSERTIONS = NO;
				ENABLE_STRICT_OBJC_MSGSEND = YES;
				GCC_C_LANGUAGE_STANDARD = gnu99;
				GCC_NO_COMMON_BLOCKS = YES;
				GCC_WARN_64_TO_32_BIT_CONVERSION = YES;
				GCC_WARN_ABOUT_RETURN_TYPE = YES_ERROR;
				GCC_WARN_UNDECLARED_SELECTOR = YES;
				GCC_WARN_UNINITIALIZED_AUTOS = YES_AGGRESSIVE;
				GCC_WARN_UNUSED_FUNCTION = YES;
				GCC_WARN_UNUSED_VARIABLE = YES;
				IPHONEOS_DEPLOYMENT_TARGET = 10.3;
				MTL_ENABLE_DEBUG_INFO = NO;
				SDKROOT = iphoneos;
				SWIFT_OPTIMIZATION_LEVEL = "-Owholemodule";
				TARGETED_DEVICE_FAMILY = "1,2";
				VALIDATE_PRODUCT = YES;
			};
			name = Release;
		};
		A95FC5371F502C7500E1F926 /* Debug */ = {
			isa = XCBuildConfiguration;
			buildSettings = {
				ASSETCATALOG_COMPILER_APPICON_NAME = AppIcon;
				DEVELOPMENT_TEAM = 2U8WSM4T5B;
				INFOPLIST_FILE = BomberMan/Info.plist;
				IPHONEOS_DEPLOYMENT_TARGET = 10.2;
				LD_RUNPATH_SEARCH_PATHS = "$(inherited) @executable_path/Frameworks";
				PRODUCT_BUNDLE_IDENTIFIER = "IT-Academy.BomberMan";
				PRODUCT_NAME = "$(TARGET_NAME)";
				SWIFT_VERSION = 3.0;
				TARGETED_DEVICE_FAMILY = "1,2";
			};
			name = Debug;
		};
		A95FC5381F502C7500E1F926 /* Release */ = {
			isa = XCBuildConfiguration;
			buildSettings = {
				ASSETCATALOG_COMPILER_APPICON_NAME = AppIcon;
				DEVELOPMENT_TEAM = 2U8WSM4T5B;
				INFOPLIST_FILE = BomberMan/Info.plist;
				IPHONEOS_DEPLOYMENT_TARGET = 10.2;
				LD_RUNPATH_SEARCH_PATHS = "$(inherited) @executable_path/Frameworks";
				PRODUCT_BUNDLE_IDENTIFIER = "IT-Academy.BomberMan";
				PRODUCT_NAME = "$(TARGET_NAME)";
				SWIFT_VERSION = 3.0;
				TARGETED_DEVICE_FAMILY = "1,2";
			};
			name = Release;
		};
		A95FC53A1F502C7500E1F926 /* Debug */ = {
			isa = XCBuildConfiguration;
			buildSettings = {
				ALWAYS_EMBED_SWIFT_STANDARD_LIBRARIES = YES;
				BUNDLE_LOADER = "$(TEST_HOST)";
				INFOPLIST_FILE = BomberManTests/Info.plist;
				IPHONEOS_DEPLOYMENT_TARGET = 10.2;
				LD_RUNPATH_SEARCH_PATHS = "$(inherited) @executable_path/Frameworks @loader_path/Frameworks";
				PRODUCT_BUNDLE_IDENTIFIER = "IT-Academy.BomberManTests";
				PRODUCT_NAME = "$(TARGET_NAME)";
				SWIFT_VERSION = 3.0;
				TEST_HOST = "$(BUILT_PRODUCTS_DIR)/BomberMan.app/BomberMan";
			};
			name = Debug;
		};
		A95FC53B1F502C7500E1F926 /* Release */ = {
			isa = XCBuildConfiguration;
			buildSettings = {
				ALWAYS_EMBED_SWIFT_STANDARD_LIBRARIES = YES;
				BUNDLE_LOADER = "$(TEST_HOST)";
				INFOPLIST_FILE = BomberManTests/Info.plist;
				IPHONEOS_DEPLOYMENT_TARGET = 10.2;
				LD_RUNPATH_SEARCH_PATHS = "$(inherited) @executable_path/Frameworks @loader_path/Frameworks";
				PRODUCT_BUNDLE_IDENTIFIER = "IT-Academy.BomberManTests";
				PRODUCT_NAME = "$(TARGET_NAME)";
				SWIFT_VERSION = 3.0;
				TEST_HOST = "$(BUILT_PRODUCTS_DIR)/BomberMan.app/BomberMan";
			};
			name = Release;
		};
/* End XCBuildConfiguration section */

/* Begin XCConfigurationList section */
		A95FC5111F502C7500E1F926 /* Build configuration list for PBXProject "BomberMan" */ = {
			isa = XCConfigurationList;
			buildConfigurations = (
				A95FC5341F502C7500E1F926 /* Debug */,
				A95FC5351F502C7500E1F926 /* Release */,
			);
			defaultConfigurationIsVisible = 0;
			defaultConfigurationName = Release;
		};
		A95FC5361F502C7500E1F926 /* Build configuration list for PBXNativeTarget "BomberMan" */ = {
			isa = XCConfigurationList;
			buildConfigurations = (
				A95FC5371F502C7500E1F926 /* Debug */,
				A95FC5381F502C7500E1F926 /* Release */,
			);
			defaultConfigurationIsVisible = 0;
			defaultConfigurationName = Release;
		};
		A95FC5391F502C7500E1F926 /* Build configuration list for PBXNativeTarget "BomberManTests" */ = {
			isa = XCConfigurationList;
			buildConfigurations = (
				A95FC53A1F502C7500E1F926 /* Debug */,
				A95FC53B1F502C7500E1F926 /* Release */,
			);
			defaultConfigurationIsVisible = 0;
			defaultConfigurationName = Release;
		};
/* End XCConfigurationList section */
	};
	rootObject = A95FC50E1F502C7500E1F926 /* Project object */;
}
